
Microsoft Visual Studio Solution File, Format Version 12.00
# Visual Studio 14
VisualStudioVersion = 14.0.25420.1
MinimumVisualStudioVersion = 10.0.40219.1
Project("{FAE04EC0-301F-11D3-BF4B-00C04F79EFBC}") = "Ness.DataAccess.Fluent", "DataAccess_Fluent\Ness.DataAccess.Fluent.csproj", "{DD002290-D84E-4FD1-9F45-9A23EEAC2C33}"
EndProject
Project("{FAE04EC0-301F-11D3-BF4B-00C04F79EFBC}") = "Ness.DataAccess.Repository", "DataAccessRepository\Ness.DataAccess.Repository.csproj", "{FB5B801D-3270-4483-9F4A-0E221F490454}"
EndProject
Project("{FAE04EC0-301F-11D3-BF4B-00C04F79EFBC}") = "Ness.Framework.Core", "Ness.Framework.Core\Ness.Framework.Core.csproj", "{76FC10A2-529A-40F6-9EE5-D8DC7DDC911B}"
EndProject
Project("{FAE04EC0-301F-11D3-BF4B-00C04F79EFBC}") = "Ness.Framework.Core.Interfaces", "Ness.Framework.Core.Interfaces\Ness.Framework.Core.Interfaces.csproj", "{22266699-9CF8-41D8-B624-7897AE21DFD8}"
EndProject
Global
	GlobalSection(SolutionConfigurationPlatforms) = preSolution
		Debug|Any CPU = Debug|Any CPU
		Release|Any CPU = Release|Any CPU
	EndGlobalSection
	GlobalSection(ProjectConfigurationPlatforms) = postSolution
		{DD002290-D84E-4FD1-9F45-9A23EEAC2C33}.Debug|Any CPU.ActiveCfg = Debug|Any CPU
		{DD002290-D84E-4FD1-9F45-9A23EEAC2C33}.Debug|Any CPU.Build.0 = Debug|Any CPU
		{DD002290-D84E-4FD1-9F45-9A23EEAC2C33}.Release|Any CPU.ActiveCfg = Release|Any CPU
		{DD002290-D84E-4FD1-9F45-9A23EEAC2C33}.Release|Any CPU.Build.0 = Release|Any CPU
		{FB5B801D-3270-4483-9F4A-0E221F490454}.Debug|Any CPU.ActiveCfg = Debug|Any CPU
		{FB5B801D-3270-4483-9F4A-0E221F490454}.Debug|Any CPU.Build.0 = Debug|Any CPU
		{FB5B801D-3270-4483-9F4A-0E221F490454}.Release|Any CPU.ActiveCfg = Release|Any CPU
		{FB5B801D-3270-4483-9F4A-0E221F490454}.Release|Any CPU.Build.0 = Release|Any CPU
		{76FC10A2-529A-40F6-9EE5-D8DC7DDC911B}.Debug|Any CPU.ActiveCfg = Debug|Any CPU
		{76FC10A2-529A-40F6-9EE5-D8DC7DDC911B}.Debug|Any CPU.Build.0 = Debug|Any CPU
		{76FC10A2-529A-40F6-9EE5-D8DC7DDC911B}.Release|Any CPU.ActiveCfg = Release|Any CPU
		{76FC10A2-529A-40F6-9EE5-D8DC7DDC911B}.Release|Any CPU.Build.0 = Release|Any CPU
		{22266699-9CF8-41D8-B624-7897AE21DFD8}.Debug|Any CPU.ActiveCfg = Debug|Any CPU
		{22266699-9CF8-41D8-B624-7897AE21DFD8}.Debug|Any CPU.Build.0 = Debug|Any CPU
		{22266699-9CF8-41D8-B624-7897AE21DFD8}.Release|Any CPU.ActiveCfg = Release|Any CPU
		{22266699-9CF8-41D8-B624-7897AE21DFD8}.Release|Any CPU.Build.0 = Release|Any CPU
	EndGlobalSection
	GlobalSection(SolutionProperties) = preSolution
		HideSolutionNode = FALSE
	EndGlobalSection
	GlobalSection(TeamFoundationVersionControl) = preSolution
		SccNumberOfProjects = 5
		SccEnterpriseProvider = {4CA58AB2-18FA-4F8D-95D4-32DDF27D184C}
		SccTeamFoundationServer = http://emptlcloud.cloudapp.net:8085/tfs/clal
		SccLocalPath0 = .
		SccProjectUniqueName1 = DataAccess_Fluent\\Ness.DataAccess.Fluent.csproj
		SccProjectName1 = DataAccess_Fluent
		SccLocalPath1 = DataAccess_Fluent
		SccProjectUniqueName2 = DataAccessRepository\\Ness.DataAccess.Repository.csproj
		SccProjectName2 = DataAccessRepository
		SccLocalPath2 = DataAccessRepository
		SccProjectUniqueName3 = Ness.Framework.Core\\Ness.Framework.Core.csproj
		SccProjectName3 = Ness.Framework.Core
		SccLocalPath3 = Ness.Framework.Core
		SccProjectUniqueName4 = Ness.Framework.Core.Interfaces\\Ness.Framework.Core.Interfaces.csproj
		SccProjectName4 = Ness.Framework.Core.Interfaces
		SccLocalPath4 = Ness.Framework.Core.Interfaces
	EndGlobalSection
EndGlobal
