
Microsoft Visual Studio Solution File, Format Version 12.00
# Visual Studio 15
VisualStudioVersion = 15.0.26430.13
MinimumVisualStudioVersion = 10.0.40219.1
Project("{2150E333-8FDC-42A3-9474-1A3956D46DE8}") = ".nuget", ".nuget", "{5B8CB6DA-88F2-490E-84F1-F38624B29C21}"
	ProjectSection(SolutionItems) = preProject
		.nuget\NuGet.Config = .nuget\NuGet.Config
		.nuget\NuGet.exe = .nuget\NuGet.exe
		.nuget\NuGet.targets = .nuget\NuGet.targets
	EndProjectSection
EndProject
Project("{FAE04EC0-301F-11D3-BF4B-00C04F79EFBC}") = "TFI.BusinessLogic", "TFI_BusinessLogic\TFI.BusinessLogic.csproj", "{B1DF133D-5C07-4779-A82C-EDC2FB0B8760}"
EndProject
Project("{FAE04EC0-301F-11D3-BF4B-00C04F79EFBC}") = "Cherries.WebApi", "Cherries.WebApi\Cherries.WebApi.csproj", "{9A8EB7E0-D11F-46D6-AFA4-82D59154685B}"
	ProjectSection(ProjectDependencies) = postProject
		{86B59818-0B03-46ED-B6A3-F10DEA1DC3E9} = {86B59818-0B03-46ED-B6A3-F10DEA1DC3E9}
		{FB5B801D-3270-4483-9F4A-0E221F490454} = {FB5B801D-3270-4483-9F4A-0E221F490454}
		{B1DF133D-5C07-4779-A82C-EDC2FB0B8760} = {B1DF133D-5C07-4779-A82C-EDC2FB0B8760}
		{CBD28E5B-3095-4984-9F68-D7F2D4441800} = {CBD28E5B-3095-4984-9F68-D7F2D4441800}
		{2C04B8BD-9951-4117-AED7-2E328A54FB01} = {2C04B8BD-9951-4117-AED7-2E328A54FB01}
		{CCBF5BCB-914F-4F38-B057-27010160EE63} = {CCBF5BCB-914F-4F38-B057-27010160EE63}
	EndProjectSection
EndProject
Project("{FAE04EC0-301F-11D3-BF4B-00C04F79EFBC}") = "Cherries.Models", "Cherries.Models\Cherries.Models.csproj", "{4AB2D795-52F7-4E85-AE3E-F81090A83376}"
EndProject
Project("{FAE04EC0-301F-11D3-BF4B-00C04F79EFBC}") = "TFI.Mapper", "TFI.Mapper\TFI.Mapper.csproj", "{CBD28E5B-3095-4984-9F68-D7F2D4441800}"
EndProject
Project("{FAE04EC0-301F-11D3-BF4B-00C04F79EFBC}") = "TFI.CalculationEngine", "TFI_CalculationEngine\TFI.CalculationEngine.csproj", "{2C04B8BD-9951-4117-AED7-2E328A54FB01}"
EndProject
Project("{FAE04EC0-301F-11D3-BF4B-00C04F79EFBC}") = "Ness.DataAccess.Fluent", "..\Ness.Infrastructure\DataAccess_Fluent\Ness.DataAccess.Fluent.csproj", "{DD002290-D84E-4FD1-9F45-9A23EEAC2C33}"
EndProject
Project("{FAE04EC0-301F-11D3-BF4B-00C04F79EFBC}") = "TFI.Entities", "TFI_Entities\TFI.Entities.csproj", "{86B59818-0B03-46ED-B6A3-F10DEA1DC3E9}"
EndProject
Project("{FAE04EC0-301F-11D3-BF4B-00C04F79EFBC}") = "TFI_DataAccessTest", "TFI_DataAccessTest\TFI_DataAccessTest.csproj", "{F8B209A1-4341-4C11-A9D9-9745687D104D}"
EndProject
Project("{FAE04EC0-301F-11D3-BF4B-00C04F79EFBC}") = "Ness.DataAccess.Repository", "..\Ness.Infrastructure\DataAccessRepository\Ness.DataAccess.Repository.csproj", "{FB5B801D-3270-4483-9F4A-0E221F490454}"
EndProject
Project("{FAE04EC0-301F-11D3-BF4B-00C04F79EFBC}") = "TFI.Consts", "TFI_Consts\TFI.Consts.csproj", "{03E389FD-A72A-428E-A6BF-7AED89964908}"
EndProject
Project("{FAE04EC0-301F-11D3-BF4B-00C04F79EFBC}") = "Cherries.Services", "Cherries.Services\Cherries.Services.csproj", "{CCBF5BCB-914F-4F38-B057-27010160EE63}"
	ProjectSection(ProjectDependencies) = postProject
		{FB5B801D-3270-4483-9F4A-0E221F490454} = {FB5B801D-3270-4483-9F4A-0E221F490454}
		{AF660534-5FB8-4EB0-BEEE-B816A9C3F654} = {AF660534-5FB8-4EB0-BEEE-B816A9C3F654}
		{DD002290-D84E-4FD1-9F45-9A23EEAC2C33} = {DD002290-D84E-4FD1-9F45-9A23EEAC2C33}
		{792F0FAD-1F42-4963-AC6B-408FD77E149C} = {792F0FAD-1F42-4963-AC6B-408FD77E149C}
	EndProjectSection
EndProject
Project("{FAE04EC0-301F-11D3-BF4B-00C04F79EFBC}") = "Cherries.Services.Interfaces", "Cherries.Services.Interfaces\Cherries.Services.Interfaces.csproj", "{8CA41ACB-820E-4ED4-B373-1C745C7517B5}"
EndProject
Project("{2150E333-8FDC-42A3-9474-1A3956D46DE8}") = "01.Api", "01.Api", "{E6709F59-F5DD-47CA-8D3B-2D3735CE95D6}"
EndProject
Project("{2150E333-8FDC-42A3-9474-1A3956D46DE8}") = "02.Services", "02.Services", "{65F006FF-07DA-4AAE-8CA0-ADDF60171DB0}"
EndProject
Project("{2150E333-8FDC-42A3-9474-1A3956D46DE8}") = "03.BusinessLogic", "03.BusinessLogic", "{7CE79306-AF47-4A5F-9A48-A154E110A443}"
EndProject
Project("{FAE04EC0-301F-11D3-BF4B-00C04F79EFBC}") = "TFI.BusinessLogic.Interfaces", "TFI.BusinessLogic.Interfaces\TFI.BusinessLogic.Interfaces.csproj", "{FE776ED0-3483-49FD-A66D-D8A2D43FEE55}"
EndProject
Project("{2150E333-8FDC-42A3-9474-1A3956D46DE8}") = "04.DataAccess", "04.DataAccess", "{C0CB8B1B-5127-4811-BE0E-3229870E4F5D}"
EndProject
Project("{2150E333-8FDC-42A3-9474-1A3956D46DE8}") = "05.Common", "05.Common", "{1B13F01F-6370-4319-AF15-1BCB015C42E4}"
EndProject
Project("{FAE04EC0-301F-11D3-BF4B-00C04F79EFBC}") = "TFI.BusinessLogic.Bootstrapper", "TFI.BusinessLogic.Bootstraper\TFI.BusinessLogic.Bootstrapper.csproj", "{AF660534-5FB8-4EB0-BEEE-B816A9C3F654}"
EndProject
Project("{FAE04EC0-301F-11D3-BF4B-00C04F79EFBC}") = "Cherries.Services.Bootstrapper", "Cherries.Services.Bootstrapper\Cherries.Services.Bootstrapper.csproj", "{0C78DE3C-7183-460C-A136-629BF2B12A4E}"
EndProject
Project("{FAE04EC0-301F-11D3-BF4B-00C04F79EFBC}") = "Ness.Utils", "Ness.Utils\Ness.Utils.csproj", "{792F0FAD-1F42-4963-AC6B-408FD77E149C}"
EndProject
Project("{FAE04EC0-301F-11D3-BF4B-00C04F79EFBC}") = "UnitTestProject1", "UnitTestProject1\UnitTestProject1.csproj", "{BD31AB91-B2A4-48F6-83C9-32938301F643}"
EndProject
Project("{FAE04EC0-301F-11D3-BF4B-00C04F79EFBC}") = "BL-Tests", "BL-Tests\BL-Tests.csproj", "{36D315CC-0FDD-4DCE-B84D-843113E15639}"
EndProject
Global
	GlobalSection(SolutionConfigurationPlatforms) = preSolution
		CD_ROM|Any CPU = CD_ROM|Any CPU
		CD_ROM|Mixed Platforms = CD_ROM|Mixed Platforms
		CD_ROM|x64 = CD_ROM|x64
		CD_ROM|x86 = CD_ROM|x86
		Debug|Any CPU = Debug|Any CPU
		Debug|Mixed Platforms = Debug|Mixed Platforms
		Debug|x64 = Debug|x64
		Debug|x86 = Debug|x86
		DVD-5|Any CPU = DVD-5|Any CPU
		DVD-5|Mixed Platforms = DVD-5|Mixed Platforms
		DVD-5|x64 = DVD-5|x64
		DVD-5|x86 = DVD-5|x86
		Release|Any CPU = Release|Any CPU
		Release|Mixed Platforms = Release|Mixed Platforms
		Release|x64 = Release|x64
		Release|x86 = Release|x86
		SingleImage|Any CPU = SingleImage|Any CPU
		SingleImage|Mixed Platforms = SingleImage|Mixed Platforms
		SingleImage|x64 = SingleImage|x64
		SingleImage|x86 = SingleImage|x86
	EndGlobalSection
	GlobalSection(ProjectConfigurationPlatforms) = postSolution
		{B1DF133D-5C07-4779-A82C-EDC2FB0B8760}.CD_ROM|Any CPU.ActiveCfg = Release|Any CPU
		{B1DF133D-5C07-4779-A82C-EDC2FB0B8760}.CD_ROM|Any CPU.Build.0 = Release|Any CPU
		{B1DF133D-5C07-4779-A82C-EDC2FB0B8760}.CD_ROM|Mixed Platforms.ActiveCfg = Release|Any CPU
		{B1DF133D-5C07-4779-A82C-EDC2FB0B8760}.CD_ROM|Mixed Platforms.Build.0 = Release|Any CPU
		{B1DF133D-5C07-4779-A82C-EDC2FB0B8760}.CD_ROM|x64.ActiveCfg = Debug|Any CPU
		{B1DF133D-5C07-4779-A82C-EDC2FB0B8760}.CD_ROM|x64.Build.0 = Debug|Any CPU
		{B1DF133D-5C07-4779-A82C-EDC2FB0B8760}.CD_ROM|x86.ActiveCfg = Release|Any CPU
		{B1DF133D-5C07-4779-A82C-EDC2FB0B8760}.Debug|Any CPU.ActiveCfg = Debug|Any CPU
		{B1DF133D-5C07-4779-A82C-EDC2FB0B8760}.Debug|Any CPU.Build.0 = Debug|Any CPU
		{B1DF133D-5C07-4779-A82C-EDC2FB0B8760}.Debug|Mixed Platforms.ActiveCfg = Debug|Any CPU
		{B1DF133D-5C07-4779-A82C-EDC2FB0B8760}.Debug|Mixed Platforms.Build.0 = Debug|Any CPU
		{B1DF133D-5C07-4779-A82C-EDC2FB0B8760}.Debug|x64.ActiveCfg = Debug|Any CPU
		{B1DF133D-5C07-4779-A82C-EDC2FB0B8760}.Debug|x64.Build.0 = Debug|Any CPU
		{B1DF133D-5C07-4779-A82C-EDC2FB0B8760}.Debug|x86.ActiveCfg = Debug|Any CPU
		{B1DF133D-5C07-4779-A82C-EDC2FB0B8760}.Debug|x86.Build.0 = Debug|Any CPU
		{B1DF133D-5C07-4779-A82C-EDC2FB0B8760}.DVD-5|Any CPU.ActiveCfg = Debug|Any CPU
		{B1DF133D-5C07-4779-A82C-EDC2FB0B8760}.DVD-5|Any CPU.Build.0 = Debug|Any CPU
		{B1DF133D-5C07-4779-A82C-EDC2FB0B8760}.DVD-5|Mixed Platforms.ActiveCfg = Debug|Any CPU
		{B1DF133D-5C07-4779-A82C-EDC2FB0B8760}.DVD-5|Mixed Platforms.Build.0 = Debug|Any CPU
		{B1DF133D-5C07-4779-A82C-EDC2FB0B8760}.DVD-5|x64.ActiveCfg = Debug|Any CPU
		{B1DF133D-5C07-4779-A82C-EDC2FB0B8760}.DVD-5|x64.Build.0 = Debug|Any CPU
		{B1DF133D-5C07-4779-A82C-EDC2FB0B8760}.DVD-5|x86.ActiveCfg = Debug|Any CPU
		{B1DF133D-5C07-4779-A82C-EDC2FB0B8760}.Release|Any CPU.ActiveCfg = Release|Any CPU
		{B1DF133D-5C07-4779-A82C-EDC2FB0B8760}.Release|Any CPU.Build.0 = Release|Any CPU
		{B1DF133D-5C07-4779-A82C-EDC2FB0B8760}.Release|Mixed Platforms.ActiveCfg = Release|Any CPU
		{B1DF133D-5C07-4779-A82C-EDC2FB0B8760}.Release|Mixed Platforms.Build.0 = Release|Any CPU
		{B1DF133D-5C07-4779-A82C-EDC2FB0B8760}.Release|x64.ActiveCfg = Release|Any CPU
		{B1DF133D-5C07-4779-A82C-EDC2FB0B8760}.Release|x64.Build.0 = Release|Any CPU
		{B1DF133D-5C07-4779-A82C-EDC2FB0B8760}.Release|x86.ActiveCfg = Release|Any CPU
		{B1DF133D-5C07-4779-A82C-EDC2FB0B8760}.SingleImage|Any CPU.ActiveCfg = Release|Any CPU
		{B1DF133D-5C07-4779-A82C-EDC2FB0B8760}.SingleImage|Any CPU.Build.0 = Release|Any CPU
		{B1DF133D-5C07-4779-A82C-EDC2FB0B8760}.SingleImage|Mixed Platforms.ActiveCfg = Release|Any CPU
		{B1DF133D-5C07-4779-A82C-EDC2FB0B8760}.SingleImage|Mixed Platforms.Build.0 = Release|Any CPU
		{B1DF133D-5C07-4779-A82C-EDC2FB0B8760}.SingleImage|x64.ActiveCfg = Debug|Any CPU
		{B1DF133D-5C07-4779-A82C-EDC2FB0B8760}.SingleImage|x64.Build.0 = Debug|Any CPU
		{B1DF133D-5C07-4779-A82C-EDC2FB0B8760}.SingleImage|x86.ActiveCfg = Release|Any CPU
		{9A8EB7E0-D11F-46D6-AFA4-82D59154685B}.CD_ROM|Any CPU.ActiveCfg = Release|Any CPU
		{9A8EB7E0-D11F-46D6-AFA4-82D59154685B}.CD_ROM|Any CPU.Build.0 = Release|Any CPU
		{9A8EB7E0-D11F-46D6-AFA4-82D59154685B}.CD_ROM|Mixed Platforms.ActiveCfg = Release|Any CPU
		{9A8EB7E0-D11F-46D6-AFA4-82D59154685B}.CD_ROM|Mixed Platforms.Build.0 = Release|Any CPU
		{9A8EB7E0-D11F-46D6-AFA4-82D59154685B}.CD_ROM|x64.ActiveCfg = Debug|Any CPU
		{9A8EB7E0-D11F-46D6-AFA4-82D59154685B}.CD_ROM|x64.Build.0 = Debug|Any CPU
		{9A8EB7E0-D11F-46D6-AFA4-82D59154685B}.CD_ROM|x86.ActiveCfg = Release|Any CPU
		{9A8EB7E0-D11F-46D6-AFA4-82D59154685B}.Debug|Any CPU.ActiveCfg = Debug|Any CPU
		{9A8EB7E0-D11F-46D6-AFA4-82D59154685B}.Debug|Any CPU.Build.0 = Debug|Any CPU
		{9A8EB7E0-D11F-46D6-AFA4-82D59154685B}.Debug|Mixed Platforms.ActiveCfg = Debug|Any CPU
		{9A8EB7E0-D11F-46D6-AFA4-82D59154685B}.Debug|Mixed Platforms.Build.0 = Debug|Any CPU
		{9A8EB7E0-D11F-46D6-AFA4-82D59154685B}.Debug|x64.ActiveCfg = Debug|Any CPU
		{9A8EB7E0-D11F-46D6-AFA4-82D59154685B}.Debug|x64.Build.0 = Debug|Any CPU
		{9A8EB7E0-D11F-46D6-AFA4-82D59154685B}.Debug|x86.ActiveCfg = Debug|Any CPU
		{9A8EB7E0-D11F-46D6-AFA4-82D59154685B}.Debug|x86.Build.0 = Debug|Any CPU
		{9A8EB7E0-D11F-46D6-AFA4-82D59154685B}.DVD-5|Any CPU.ActiveCfg = Debug|Any CPU
		{9A8EB7E0-D11F-46D6-AFA4-82D59154685B}.DVD-5|Any CPU.Build.0 = Debug|Any CPU
		{9A8EB7E0-D11F-46D6-AFA4-82D59154685B}.DVD-5|Mixed Platforms.ActiveCfg = Debug|Any CPU
		{9A8EB7E0-D11F-46D6-AFA4-82D59154685B}.DVD-5|Mixed Platforms.Build.0 = Debug|Any CPU
		{9A8EB7E0-D11F-46D6-AFA4-82D59154685B}.DVD-5|x64.ActiveCfg = Debug|Any CPU
		{9A8EB7E0-D11F-46D6-AFA4-82D59154685B}.DVD-5|x64.Build.0 = Debug|Any CPU
		{9A8EB7E0-D11F-46D6-AFA4-82D59154685B}.DVD-5|x86.ActiveCfg = Debug|Any CPU
		{9A8EB7E0-D11F-46D6-AFA4-82D59154685B}.Release|Any CPU.ActiveCfg = Release|Any CPU
		{9A8EB7E0-D11F-46D6-AFA4-82D59154685B}.Release|Any CPU.Build.0 = Release|Any CPU
		{9A8EB7E0-D11F-46D6-AFA4-82D59154685B}.Release|Mixed Platforms.ActiveCfg = Release|Any CPU
		{9A8EB7E0-D11F-46D6-AFA4-82D59154685B}.Release|Mixed Platforms.Build.0 = Release|Any CPU
		{9A8EB7E0-D11F-46D6-AFA4-82D59154685B}.Release|x64.ActiveCfg = Release|Any CPU
		{9A8EB7E0-D11F-46D6-AFA4-82D59154685B}.Release|x64.Build.0 = Release|Any CPU
		{9A8EB7E0-D11F-46D6-AFA4-82D59154685B}.Release|x86.ActiveCfg = Release|Any CPU
		{9A8EB7E0-D11F-46D6-AFA4-82D59154685B}.SingleImage|Any CPU.ActiveCfg = Release|Any CPU
		{9A8EB7E0-D11F-46D6-AFA4-82D59154685B}.SingleImage|Any CPU.Build.0 = Release|Any CPU
		{9A8EB7E0-D11F-46D6-AFA4-82D59154685B}.SingleImage|Mixed Platforms.ActiveCfg = Release|Any CPU
		{9A8EB7E0-D11F-46D6-AFA4-82D59154685B}.SingleImage|Mixed Platforms.Build.0 = Release|Any CPU
		{9A8EB7E0-D11F-46D6-AFA4-82D59154685B}.SingleImage|x64.ActiveCfg = Debug|Any CPU
		{9A8EB7E0-D11F-46D6-AFA4-82D59154685B}.SingleImage|x64.Build.0 = Debug|Any CPU
		{9A8EB7E0-D11F-46D6-AFA4-82D59154685B}.SingleImage|x86.ActiveCfg = Release|Any CPU
		{4AB2D795-52F7-4E85-AE3E-F81090A83376}.CD_ROM|Any CPU.ActiveCfg = Release|Any CPU
		{4AB2D795-52F7-4E85-AE3E-F81090A83376}.CD_ROM|Any CPU.Build.0 = Release|Any CPU
		{4AB2D795-52F7-4E85-AE3E-F81090A83376}.CD_ROM|Mixed Platforms.ActiveCfg = Release|Any CPU
		{4AB2D795-52F7-4E85-AE3E-F81090A83376}.CD_ROM|Mixed Platforms.Build.0 = Release|Any CPU
		{4AB2D795-52F7-4E85-AE3E-F81090A83376}.CD_ROM|x64.ActiveCfg = Debug|Any CPU
		{4AB2D795-52F7-4E85-AE3E-F81090A83376}.CD_ROM|x64.Build.0 = Debug|Any CPU
		{4AB2D795-52F7-4E85-AE3E-F81090A83376}.CD_ROM|x86.ActiveCfg = Release|Any CPU
		{4AB2D795-52F7-4E85-AE3E-F81090A83376}.Debug|Any CPU.ActiveCfg = Debug|Any CPU
		{4AB2D795-52F7-4E85-AE3E-F81090A83376}.Debug|Any CPU.Build.0 = Debug|Any CPU
		{4AB2D795-52F7-4E85-AE3E-F81090A83376}.Debug|Mixed Platforms.ActiveCfg = Debug|Any CPU
		{4AB2D795-52F7-4E85-AE3E-F81090A83376}.Debug|Mixed Platforms.Build.0 = Debug|Any CPU
		{4AB2D795-52F7-4E85-AE3E-F81090A83376}.Debug|x64.ActiveCfg = Debug|Any CPU
		{4AB2D795-52F7-4E85-AE3E-F81090A83376}.Debug|x64.Build.0 = Debug|Any CPU
		{4AB2D795-52F7-4E85-AE3E-F81090A83376}.Debug|x86.ActiveCfg = Debug|Any CPU
		{4AB2D795-52F7-4E85-AE3E-F81090A83376}.Debug|x86.Build.0 = Debug|Any CPU
		{4AB2D795-52F7-4E85-AE3E-F81090A83376}.DVD-5|Any CPU.ActiveCfg = Debug|Any CPU
		{4AB2D795-52F7-4E85-AE3E-F81090A83376}.DVD-5|Any CPU.Build.0 = Debug|Any CPU
		{4AB2D795-52F7-4E85-AE3E-F81090A83376}.DVD-5|Mixed Platforms.ActiveCfg = Debug|Any CPU
		{4AB2D795-52F7-4E85-AE3E-F81090A83376}.DVD-5|Mixed Platforms.Build.0 = Debug|Any CPU
		{4AB2D795-52F7-4E85-AE3E-F81090A83376}.DVD-5|x64.ActiveCfg = Debug|Any CPU
		{4AB2D795-52F7-4E85-AE3E-F81090A83376}.DVD-5|x64.Build.0 = Debug|Any CPU
		{4AB2D795-52F7-4E85-AE3E-F81090A83376}.DVD-5|x86.ActiveCfg = Debug|Any CPU
		{4AB2D795-52F7-4E85-AE3E-F81090A83376}.Release|Any CPU.ActiveCfg = Release|Any CPU
		{4AB2D795-52F7-4E85-AE3E-F81090A83376}.Release|Any CPU.Build.0 = Release|Any CPU
		{4AB2D795-52F7-4E85-AE3E-F81090A83376}.Release|Mixed Platforms.ActiveCfg = Release|Any CPU
		{4AB2D795-52F7-4E85-AE3E-F81090A83376}.Release|Mixed Platforms.Build.0 = Release|Any CPU
		{4AB2D795-52F7-4E85-AE3E-F81090A83376}.Release|x64.ActiveCfg = Release|Any CPU
		{4AB2D795-52F7-4E85-AE3E-F81090A83376}.Release|x64.Build.0 = Release|Any CPU
		{4AB2D795-52F7-4E85-AE3E-F81090A83376}.Release|x86.ActiveCfg = Release|Any CPU
		{4AB2D795-52F7-4E85-AE3E-F81090A83376}.SingleImage|Any CPU.ActiveCfg = Release|Any CPU
		{4AB2D795-52F7-4E85-AE3E-F81090A83376}.SingleImage|Any CPU.Build.0 = Release|Any CPU
		{4AB2D795-52F7-4E85-AE3E-F81090A83376}.SingleImage|Mixed Platforms.ActiveCfg = Release|Any CPU
		{4AB2D795-52F7-4E85-AE3E-F81090A83376}.SingleImage|Mixed Platforms.Build.0 = Release|Any CPU
		{4AB2D795-52F7-4E85-AE3E-F81090A83376}.SingleImage|x64.ActiveCfg = Debug|Any CPU
		{4AB2D795-52F7-4E85-AE3E-F81090A83376}.SingleImage|x64.Build.0 = Debug|Any CPU
		{4AB2D795-52F7-4E85-AE3E-F81090A83376}.SingleImage|x86.ActiveCfg = Release|Any CPU
		{CBD28E5B-3095-4984-9F68-D7F2D4441800}.CD_ROM|Any CPU.ActiveCfg = Release|Any CPU
		{CBD28E5B-3095-4984-9F68-D7F2D4441800}.CD_ROM|Any CPU.Build.0 = Release|Any CPU
		{CBD28E5B-3095-4984-9F68-D7F2D4441800}.CD_ROM|Mixed Platforms.ActiveCfg = Release|Any CPU
		{CBD28E5B-3095-4984-9F68-D7F2D4441800}.CD_ROM|Mixed Platforms.Build.0 = Release|Any CPU
		{CBD28E5B-3095-4984-9F68-D7F2D4441800}.CD_ROM|x64.ActiveCfg = Debug|Any CPU
		{CBD28E5B-3095-4984-9F68-D7F2D4441800}.CD_ROM|x64.Build.0 = Debug|Any CPU
		{CBD28E5B-3095-4984-9F68-D7F2D4441800}.CD_ROM|x86.ActiveCfg = Release|Any CPU
		{CBD28E5B-3095-4984-9F68-D7F2D4441800}.Debug|Any CPU.ActiveCfg = Debug|Any CPU
		{CBD28E5B-3095-4984-9F68-D7F2D4441800}.Debug|Any CPU.Build.0 = Debug|Any CPU
		{CBD28E5B-3095-4984-9F68-D7F2D4441800}.Debug|Mixed Platforms.ActiveCfg = Debug|Any CPU
		{CBD28E5B-3095-4984-9F68-D7F2D4441800}.Debug|Mixed Platforms.Build.0 = Debug|Any CPU
		{CBD28E5B-3095-4984-9F68-D7F2D4441800}.Debug|x64.ActiveCfg = Debug|Any CPU
		{CBD28E5B-3095-4984-9F68-D7F2D4441800}.Debug|x64.Build.0 = Debug|Any CPU
		{CBD28E5B-3095-4984-9F68-D7F2D4441800}.Debug|x86.ActiveCfg = Debug|Any CPU
		{CBD28E5B-3095-4984-9F68-D7F2D4441800}.Debug|x86.Build.0 = Debug|Any CPU
		{CBD28E5B-3095-4984-9F68-D7F2D4441800}.DVD-5|Any CPU.ActiveCfg = Debug|Any CPU
		{CBD28E5B-3095-4984-9F68-D7F2D4441800}.DVD-5|Any CPU.Build.0 = Debug|Any CPU
		{CBD28E5B-3095-4984-9F68-D7F2D4441800}.DVD-5|Mixed Platforms.ActiveCfg = Debug|Any CPU
		{CBD28E5B-3095-4984-9F68-D7F2D4441800}.DVD-5|Mixed Platforms.Build.0 = Debug|Any CPU
		{CBD28E5B-3095-4984-9F68-D7F2D4441800}.DVD-5|x64.ActiveCfg = Debug|Any CPU
		{CBD28E5B-3095-4984-9F68-D7F2D4441800}.DVD-5|x64.Build.0 = Debug|Any CPU
		{CBD28E5B-3095-4984-9F68-D7F2D4441800}.DVD-5|x86.ActiveCfg = Debug|Any CPU
		{CBD28E5B-3095-4984-9F68-D7F2D4441800}.Release|Any CPU.ActiveCfg = Release|Any CPU
		{CBD28E5B-3095-4984-9F68-D7F2D4441800}.Release|Any CPU.Build.0 = Release|Any CPU
		{CBD28E5B-3095-4984-9F68-D7F2D4441800}.Release|Mixed Platforms.ActiveCfg = Release|Any CPU
		{CBD28E5B-3095-4984-9F68-D7F2D4441800}.Release|Mixed Platforms.Build.0 = Release|Any CPU
		{CBD28E5B-3095-4984-9F68-D7F2D4441800}.Release|x64.ActiveCfg = Release|Any CPU
		{CBD28E5B-3095-4984-9F68-D7F2D4441800}.Release|x64.Build.0 = Release|Any CPU
		{CBD28E5B-3095-4984-9F68-D7F2D4441800}.Release|x86.ActiveCfg = Release|Any CPU
		{CBD28E5B-3095-4984-9F68-D7F2D4441800}.SingleImage|Any CPU.ActiveCfg = Release|Any CPU
		{CBD28E5B-3095-4984-9F68-D7F2D4441800}.SingleImage|Any CPU.Build.0 = Release|Any CPU
		{CBD28E5B-3095-4984-9F68-D7F2D4441800}.SingleImage|Mixed Platforms.ActiveCfg = Release|Any CPU
		{CBD28E5B-3095-4984-9F68-D7F2D4441800}.SingleImage|Mixed Platforms.Build.0 = Release|Any CPU
		{CBD28E5B-3095-4984-9F68-D7F2D4441800}.SingleImage|x64.ActiveCfg = Debug|Any CPU
		{CBD28E5B-3095-4984-9F68-D7F2D4441800}.SingleImage|x64.Build.0 = Debug|Any CPU
		{CBD28E5B-3095-4984-9F68-D7F2D4441800}.SingleImage|x86.ActiveCfg = Release|Any CPU
		{2C04B8BD-9951-4117-AED7-2E328A54FB01}.CD_ROM|Any CPU.ActiveCfg = Release|Any CPU
		{2C04B8BD-9951-4117-AED7-2E328A54FB01}.CD_ROM|Any CPU.Build.0 = Release|Any CPU
		{2C04B8BD-9951-4117-AED7-2E328A54FB01}.CD_ROM|Mixed Platforms.ActiveCfg = Release|Any CPU
		{2C04B8BD-9951-4117-AED7-2E328A54FB01}.CD_ROM|Mixed Platforms.Build.0 = Release|Any CPU
		{2C04B8BD-9951-4117-AED7-2E328A54FB01}.CD_ROM|x64.ActiveCfg = Debug|Any CPU
		{2C04B8BD-9951-4117-AED7-2E328A54FB01}.CD_ROM|x64.Build.0 = Debug|Any CPU
		{2C04B8BD-9951-4117-AED7-2E328A54FB01}.CD_ROM|x86.ActiveCfg = Release|Any CPU
		{2C04B8BD-9951-4117-AED7-2E328A54FB01}.CD_ROM|x86.Build.0 = Release|Any CPU
		{2C04B8BD-9951-4117-AED7-2E328A54FB01}.Debug|Any CPU.ActiveCfg = Debug|Any CPU
		{2C04B8BD-9951-4117-AED7-2E328A54FB01}.Debug|Any CPU.Build.0 = Debug|Any CPU
		{2C04B8BD-9951-4117-AED7-2E328A54FB01}.Debug|Mixed Platforms.ActiveCfg = Debug|Any CPU
		{2C04B8BD-9951-4117-AED7-2E328A54FB01}.Debug|Mixed Platforms.Build.0 = Debug|Any CPU
		{2C04B8BD-9951-4117-AED7-2E328A54FB01}.Debug|x64.ActiveCfg = Debug|Any CPU
		{2C04B8BD-9951-4117-AED7-2E328A54FB01}.Debug|x64.Build.0 = Debug|Any CPU
		{2C04B8BD-9951-4117-AED7-2E328A54FB01}.Debug|x86.ActiveCfg = Debug|Any CPU
		{2C04B8BD-9951-4117-AED7-2E328A54FB01}.Debug|x86.Build.0 = Debug|Any CPU
		{2C04B8BD-9951-4117-AED7-2E328A54FB01}.DVD-5|Any CPU.ActiveCfg = Debug|Any CPU
		{2C04B8BD-9951-4117-AED7-2E328A54FB01}.DVD-5|Any CPU.Build.0 = Debug|Any CPU
		{2C04B8BD-9951-4117-AED7-2E328A54FB01}.DVD-5|Mixed Platforms.ActiveCfg = Debug|Any CPU
		{2C04B8BD-9951-4117-AED7-2E328A54FB01}.DVD-5|Mixed Platforms.Build.0 = Debug|Any CPU
		{2C04B8BD-9951-4117-AED7-2E328A54FB01}.DVD-5|x64.ActiveCfg = Debug|Any CPU
		{2C04B8BD-9951-4117-AED7-2E328A54FB01}.DVD-5|x64.Build.0 = Debug|Any CPU
		{2C04B8BD-9951-4117-AED7-2E328A54FB01}.DVD-5|x86.ActiveCfg = Debug|Any CPU
		{2C04B8BD-9951-4117-AED7-2E328A54FB01}.DVD-5|x86.Build.0 = Debug|Any CPU
		{2C04B8BD-9951-4117-AED7-2E328A54FB01}.Release|Any CPU.ActiveCfg = Release|Any CPU
		{2C04B8BD-9951-4117-AED7-2E328A54FB01}.Release|Any CPU.Build.0 = Release|Any CPU
		{2C04B8BD-9951-4117-AED7-2E328A54FB01}.Release|Mixed Platforms.ActiveCfg = Release|Any CPU
		{2C04B8BD-9951-4117-AED7-2E328A54FB01}.Release|Mixed Platforms.Build.0 = Release|Any CPU
		{2C04B8BD-9951-4117-AED7-2E328A54FB01}.Release|x64.ActiveCfg = Release|Any CPU
		{2C04B8BD-9951-4117-AED7-2E328A54FB01}.Release|x64.Build.0 = Release|Any CPU
		{2C04B8BD-9951-4117-AED7-2E328A54FB01}.Release|x86.ActiveCfg = Release|Any CPU
		{2C04B8BD-9951-4117-AED7-2E328A54FB01}.Release|x86.Build.0 = Release|Any CPU
		{2C04B8BD-9951-4117-AED7-2E328A54FB01}.SingleImage|Any CPU.ActiveCfg = Release|Any CPU
		{2C04B8BD-9951-4117-AED7-2E328A54FB01}.SingleImage|Any CPU.Build.0 = Release|Any CPU
		{2C04B8BD-9951-4117-AED7-2E328A54FB01}.SingleImage|Mixed Platforms.ActiveCfg = Release|Any CPU
		{2C04B8BD-9951-4117-AED7-2E328A54FB01}.SingleImage|Mixed Platforms.Build.0 = Release|Any CPU
		{2C04B8BD-9951-4117-AED7-2E328A54FB01}.SingleImage|x64.ActiveCfg = Debug|Any CPU
		{2C04B8BD-9951-4117-AED7-2E328A54FB01}.SingleImage|x64.Build.0 = Debug|Any CPU
		{2C04B8BD-9951-4117-AED7-2E328A54FB01}.SingleImage|x86.ActiveCfg = Release|Any CPU
		{2C04B8BD-9951-4117-AED7-2E328A54FB01}.SingleImage|x86.Build.0 = Release|Any CPU
		{DD002290-D84E-4FD1-9F45-9A23EEAC2C33}.CD_ROM|Any CPU.ActiveCfg = Release|Any CPU
		{DD002290-D84E-4FD1-9F45-9A23EEAC2C33}.CD_ROM|Any CPU.Build.0 = Release|Any CPU
		{DD002290-D84E-4FD1-9F45-9A23EEAC2C33}.CD_ROM|Mixed Platforms.ActiveCfg = Release|Any CPU
		{DD002290-D84E-4FD1-9F45-9A23EEAC2C33}.CD_ROM|Mixed Platforms.Build.0 = Release|Any CPU
		{DD002290-D84E-4FD1-9F45-9A23EEAC2C33}.CD_ROM|x64.ActiveCfg = Debug|Any CPU
		{DD002290-D84E-4FD1-9F45-9A23EEAC2C33}.CD_ROM|x64.Build.0 = Debug|Any CPU
		{DD002290-D84E-4FD1-9F45-9A23EEAC2C33}.CD_ROM|x86.ActiveCfg = Release|Any CPU
		{DD002290-D84E-4FD1-9F45-9A23EEAC2C33}.CD_ROM|x86.Build.0 = Release|Any CPU
		{DD002290-D84E-4FD1-9F45-9A23EEAC2C33}.Debug|Any CPU.ActiveCfg = Debug|Any CPU
		{DD002290-D84E-4FD1-9F45-9A23EEAC2C33}.Debug|Any CPU.Build.0 = Debug|Any CPU
		{DD002290-D84E-4FD1-9F45-9A23EEAC2C33}.Debug|Mixed Platforms.ActiveCfg = Debug|Any CPU
		{DD002290-D84E-4FD1-9F45-9A23EEAC2C33}.Debug|Mixed Platforms.Build.0 = Debug|Any CPU
		{DD002290-D84E-4FD1-9F45-9A23EEAC2C33}.Debug|x64.ActiveCfg = Debug|Any CPU
		{DD002290-D84E-4FD1-9F45-9A23EEAC2C33}.Debug|x64.Build.0 = Debug|Any CPU
		{DD002290-D84E-4FD1-9F45-9A23EEAC2C33}.Debug|x86.ActiveCfg = Debug|Any CPU
		{DD002290-D84E-4FD1-9F45-9A23EEAC2C33}.Debug|x86.Build.0 = Debug|Any CPU
		{DD002290-D84E-4FD1-9F45-9A23EEAC2C33}.DVD-5|Any CPU.ActiveCfg = Debug|Any CPU
		{DD002290-D84E-4FD1-9F45-9A23EEAC2C33}.DVD-5|Any CPU.Build.0 = Debug|Any CPU
		{DD002290-D84E-4FD1-9F45-9A23EEAC2C33}.DVD-5|Mixed Platforms.ActiveCfg = Debug|Any CPU
		{DD002290-D84E-4FD1-9F45-9A23EEAC2C33}.DVD-5|Mixed Platforms.Build.0 = Debug|Any CPU
		{DD002290-D84E-4FD1-9F45-9A23EEAC2C33}.DVD-5|x64.ActiveCfg = Debug|Any CPU
		{DD002290-D84E-4FD1-9F45-9A23EEAC2C33}.DVD-5|x64.Build.0 = Debug|Any CPU
		{DD002290-D84E-4FD1-9F45-9A23EEAC2C33}.DVD-5|x86.ActiveCfg = Debug|Any CPU
		{DD002290-D84E-4FD1-9F45-9A23EEAC2C33}.DVD-5|x86.Build.0 = Debug|Any CPU
		{DD002290-D84E-4FD1-9F45-9A23EEAC2C33}.Release|Any CPU.ActiveCfg = Release|Any CPU
		{DD002290-D84E-4FD1-9F45-9A23EEAC2C33}.Release|Any CPU.Build.0 = Release|Any CPU
		{DD002290-D84E-4FD1-9F45-9A23EEAC2C33}.Release|Mixed Platforms.ActiveCfg = Release|Any CPU
		{DD002290-D84E-4FD1-9F45-9A23EEAC2C33}.Release|Mixed Platforms.Build.0 = Release|Any CPU
		{DD002290-D84E-4FD1-9F45-9A23EEAC2C33}.Release|x64.ActiveCfg = Release|Any CPU
		{DD002290-D84E-4FD1-9F45-9A23EEAC2C33}.Release|x64.Build.0 = Release|Any CPU
		{DD002290-D84E-4FD1-9F45-9A23EEAC2C33}.Release|x86.ActiveCfg = Release|Any CPU
		{DD002290-D84E-4FD1-9F45-9A23EEAC2C33}.Release|x86.Build.0 = Release|Any CPU
		{DD002290-D84E-4FD1-9F45-9A23EEAC2C33}.SingleImage|Any CPU.ActiveCfg = Release|Any CPU
		{DD002290-D84E-4FD1-9F45-9A23EEAC2C33}.SingleImage|Any CPU.Build.0 = Release|Any CPU
		{DD002290-D84E-4FD1-9F45-9A23EEAC2C33}.SingleImage|Mixed Platforms.ActiveCfg = Release|Any CPU
		{DD002290-D84E-4FD1-9F45-9A23EEAC2C33}.SingleImage|Mixed Platforms.Build.0 = Release|Any CPU
		{DD002290-D84E-4FD1-9F45-9A23EEAC2C33}.SingleImage|x64.ActiveCfg = Debug|Any CPU
		{DD002290-D84E-4FD1-9F45-9A23EEAC2C33}.SingleImage|x64.Build.0 = Debug|Any CPU
		{DD002290-D84E-4FD1-9F45-9A23EEAC2C33}.SingleImage|x86.ActiveCfg = Release|Any CPU
		{DD002290-D84E-4FD1-9F45-9A23EEAC2C33}.SingleImage|x86.Build.0 = Release|Any CPU
		{86B59818-0B03-46ED-B6A3-F10DEA1DC3E9}.CD_ROM|Any CPU.ActiveCfg = Release|Any CPU
		{86B59818-0B03-46ED-B6A3-F10DEA1DC3E9}.CD_ROM|Any CPU.Build.0 = Release|Any CPU
		{86B59818-0B03-46ED-B6A3-F10DEA1DC3E9}.CD_ROM|Mixed Platforms.ActiveCfg = Release|Any CPU
		{86B59818-0B03-46ED-B6A3-F10DEA1DC3E9}.CD_ROM|Mixed Platforms.Build.0 = Release|Any CPU
		{86B59818-0B03-46ED-B6A3-F10DEA1DC3E9}.CD_ROM|x64.ActiveCfg = Debug|Any CPU
		{86B59818-0B03-46ED-B6A3-F10DEA1DC3E9}.CD_ROM|x64.Build.0 = Debug|Any CPU
		{86B59818-0B03-46ED-B6A3-F10DEA1DC3E9}.CD_ROM|x86.ActiveCfg = Release|Any CPU
		{86B59818-0B03-46ED-B6A3-F10DEA1DC3E9}.CD_ROM|x86.Build.0 = Release|Any CPU
		{86B59818-0B03-46ED-B6A3-F10DEA1DC3E9}.Debug|Any CPU.ActiveCfg = Debug|Any CPU
		{86B59818-0B03-46ED-B6A3-F10DEA1DC3E9}.Debug|Any CPU.Build.0 = Debug|Any CPU
		{86B59818-0B03-46ED-B6A3-F10DEA1DC3E9}.Debug|Mixed Platforms.ActiveCfg = Debug|Any CPU
		{86B59818-0B03-46ED-B6A3-F10DEA1DC3E9}.Debug|Mixed Platforms.Build.0 = Debug|Any CPU
		{86B59818-0B03-46ED-B6A3-F10DEA1DC3E9}.Debug|x64.ActiveCfg = Debug|Any CPU
		{86B59818-0B03-46ED-B6A3-F10DEA1DC3E9}.Debug|x64.Build.0 = Debug|Any CPU
		{86B59818-0B03-46ED-B6A3-F10DEA1DC3E9}.Debug|x86.ActiveCfg = Debug|Any CPU
		{86B59818-0B03-46ED-B6A3-F10DEA1DC3E9}.Debug|x86.Build.0 = Debug|Any CPU
		{86B59818-0B03-46ED-B6A3-F10DEA1DC3E9}.DVD-5|Any CPU.ActiveCfg = Debug|Any CPU
		{86B59818-0B03-46ED-B6A3-F10DEA1DC3E9}.DVD-5|Any CPU.Build.0 = Debug|Any CPU
		{86B59818-0B03-46ED-B6A3-F10DEA1DC3E9}.DVD-5|Mixed Platforms.ActiveCfg = Debug|Any CPU
		{86B59818-0B03-46ED-B6A3-F10DEA1DC3E9}.DVD-5|Mixed Platforms.Build.0 = Debug|Any CPU
		{86B59818-0B03-46ED-B6A3-F10DEA1DC3E9}.DVD-5|x64.ActiveCfg = Debug|Any CPU
		{86B59818-0B03-46ED-B6A3-F10DEA1DC3E9}.DVD-5|x64.Build.0 = Debug|Any CPU
		{86B59818-0B03-46ED-B6A3-F10DEA1DC3E9}.DVD-5|x86.ActiveCfg = Debug|Any CPU
		{86B59818-0B03-46ED-B6A3-F10DEA1DC3E9}.DVD-5|x86.Build.0 = Debug|Any CPU
		{86B59818-0B03-46ED-B6A3-F10DEA1DC3E9}.Release|Any CPU.ActiveCfg = Release|Any CPU
		{86B59818-0B03-46ED-B6A3-F10DEA1DC3E9}.Release|Any CPU.Build.0 = Release|Any CPU
		{86B59818-0B03-46ED-B6A3-F10DEA1DC3E9}.Release|Mixed Platforms.ActiveCfg = Release|Any CPU
		{86B59818-0B03-46ED-B6A3-F10DEA1DC3E9}.Release|Mixed Platforms.Build.0 = Release|Any CPU
		{86B59818-0B03-46ED-B6A3-F10DEA1DC3E9}.Release|x64.ActiveCfg = Release|Any CPU
		{86B59818-0B03-46ED-B6A3-F10DEA1DC3E9}.Release|x64.Build.0 = Release|Any CPU
		{86B59818-0B03-46ED-B6A3-F10DEA1DC3E9}.Release|x86.ActiveCfg = Release|Any CPU
		{86B59818-0B03-46ED-B6A3-F10DEA1DC3E9}.Release|x86.Build.0 = Release|Any CPU
		{86B59818-0B03-46ED-B6A3-F10DEA1DC3E9}.SingleImage|Any CPU.ActiveCfg = Release|Any CPU
		{86B59818-0B03-46ED-B6A3-F10DEA1DC3E9}.SingleImage|Any CPU.Build.0 = Release|Any CPU
		{86B59818-0B03-46ED-B6A3-F10DEA1DC3E9}.SingleImage|Mixed Platforms.ActiveCfg = Release|Any CPU
		{86B59818-0B03-46ED-B6A3-F10DEA1DC3E9}.SingleImage|Mixed Platforms.Build.0 = Release|Any CPU
		{86B59818-0B03-46ED-B6A3-F10DEA1DC3E9}.SingleImage|x64.ActiveCfg = Debug|Any CPU
		{86B59818-0B03-46ED-B6A3-F10DEA1DC3E9}.SingleImage|x64.Build.0 = Debug|Any CPU
		{86B59818-0B03-46ED-B6A3-F10DEA1DC3E9}.SingleImage|x86.ActiveCfg = Release|Any CPU
		{86B59818-0B03-46ED-B6A3-F10DEA1DC3E9}.SingleImage|x86.Build.0 = Release|Any CPU
		{F8B209A1-4341-4C11-A9D9-9745687D104D}.CD_ROM|Any CPU.ActiveCfg = Release|Any CPU
		{F8B209A1-4341-4C11-A9D9-9745687D104D}.CD_ROM|Any CPU.Build.0 = Release|Any CPU
		{F8B209A1-4341-4C11-A9D9-9745687D104D}.CD_ROM|Mixed Platforms.ActiveCfg = Release|Any CPU
		{F8B209A1-4341-4C11-A9D9-9745687D104D}.CD_ROM|Mixed Platforms.Build.0 = Release|Any CPU
		{F8B209A1-4341-4C11-A9D9-9745687D104D}.CD_ROM|x64.ActiveCfg = Debug|Any CPU
		{F8B209A1-4341-4C11-A9D9-9745687D104D}.CD_ROM|x64.Build.0 = Debug|Any CPU
		{F8B209A1-4341-4C11-A9D9-9745687D104D}.CD_ROM|x86.ActiveCfg = Release|Any CPU
		{F8B209A1-4341-4C11-A9D9-9745687D104D}.CD_ROM|x86.Build.0 = Release|Any CPU
		{F8B209A1-4341-4C11-A9D9-9745687D104D}.Debug|Any CPU.ActiveCfg = Debug|Any CPU
		{F8B209A1-4341-4C11-A9D9-9745687D104D}.Debug|Any CPU.Build.0 = Debug|Any CPU
		{F8B209A1-4341-4C11-A9D9-9745687D104D}.Debug|Mixed Platforms.ActiveCfg = Debug|Any CPU
		{F8B209A1-4341-4C11-A9D9-9745687D104D}.Debug|Mixed Platforms.Build.0 = Debug|Any CPU
		{F8B209A1-4341-4C11-A9D9-9745687D104D}.Debug|x64.ActiveCfg = Debug|Any CPU
		{F8B209A1-4341-4C11-A9D9-9745687D104D}.Debug|x64.Build.0 = Debug|Any CPU
		{F8B209A1-4341-4C11-A9D9-9745687D104D}.Debug|x86.ActiveCfg = Debug|Any CPU
		{F8B209A1-4341-4C11-A9D9-9745687D104D}.Debug|x86.Build.0 = Debug|Any CPU
		{F8B209A1-4341-4C11-A9D9-9745687D104D}.DVD-5|Any CPU.ActiveCfg = Debug|Any CPU
		{F8B209A1-4341-4C11-A9D9-9745687D104D}.DVD-5|Any CPU.Build.0 = Debug|Any CPU
		{F8B209A1-4341-4C11-A9D9-9745687D104D}.DVD-5|Mixed Platforms.ActiveCfg = Debug|Any CPU
		{F8B209A1-4341-4C11-A9D9-9745687D104D}.DVD-5|Mixed Platforms.Build.0 = Debug|Any CPU
		{F8B209A1-4341-4C11-A9D9-9745687D104D}.DVD-5|x64.ActiveCfg = Debug|Any CPU
		{F8B209A1-4341-4C11-A9D9-9745687D104D}.DVD-5|x64.Build.0 = Debug|Any CPU
		{F8B209A1-4341-4C11-A9D9-9745687D104D}.DVD-5|x86.ActiveCfg = Debug|Any CPU
		{F8B209A1-4341-4C11-A9D9-9745687D104D}.DVD-5|x86.Build.0 = Debug|Any CPU
		{F8B209A1-4341-4C11-A9D9-9745687D104D}.Release|Any CPU.ActiveCfg = Release|Any CPU
		{F8B209A1-4341-4C11-A9D9-9745687D104D}.Release|Any CPU.Build.0 = Release|Any CPU
		{F8B209A1-4341-4C11-A9D9-9745687D104D}.Release|Mixed Platforms.ActiveCfg = Release|Any CPU
		{F8B209A1-4341-4C11-A9D9-9745687D104D}.Release|Mixed Platforms.Build.0 = Release|Any CPU
		{F8B209A1-4341-4C11-A9D9-9745687D104D}.Release|x64.ActiveCfg = Release|Any CPU
		{F8B209A1-4341-4C11-A9D9-9745687D104D}.Release|x64.Build.0 = Release|Any CPU
		{F8B209A1-4341-4C11-A9D9-9745687D104D}.Release|x86.ActiveCfg = Release|Any CPU
		{F8B209A1-4341-4C11-A9D9-9745687D104D}.Release|x86.Build.0 = Release|Any CPU
		{F8B209A1-4341-4C11-A9D9-9745687D104D}.SingleImage|Any CPU.ActiveCfg = Release|Any CPU
		{F8B209A1-4341-4C11-A9D9-9745687D104D}.SingleImage|Any CPU.Build.0 = Release|Any CPU
		{F8B209A1-4341-4C11-A9D9-9745687D104D}.SingleImage|Mixed Platforms.ActiveCfg = Release|Any CPU
		{F8B209A1-4341-4C11-A9D9-9745687D104D}.SingleImage|Mixed Platforms.Build.0 = Release|Any CPU
		{F8B209A1-4341-4C11-A9D9-9745687D104D}.SingleImage|x64.ActiveCfg = Debug|Any CPU
		{F8B209A1-4341-4C11-A9D9-9745687D104D}.SingleImage|x64.Build.0 = Debug|Any CPU
		{F8B209A1-4341-4C11-A9D9-9745687D104D}.SingleImage|x86.ActiveCfg = Release|Any CPU
		{F8B209A1-4341-4C11-A9D9-9745687D104D}.SingleImage|x86.Build.0 = Release|Any CPU
		{FB5B801D-3270-4483-9F4A-0E221F490454}.CD_ROM|Any CPU.ActiveCfg = Release|Any CPU
		{FB5B801D-3270-4483-9F4A-0E221F490454}.CD_ROM|Any CPU.Build.0 = Release|Any CPU
		{FB5B801D-3270-4483-9F4A-0E221F490454}.CD_ROM|Mixed Platforms.ActiveCfg = Release|Any CPU
		{FB5B801D-3270-4483-9F4A-0E221F490454}.CD_ROM|Mixed Platforms.Build.0 = Release|Any CPU
		{FB5B801D-3270-4483-9F4A-0E221F490454}.CD_ROM|x64.ActiveCfg = Debug|Any CPU
		{FB5B801D-3270-4483-9F4A-0E221F490454}.CD_ROM|x64.Build.0 = Debug|Any CPU
		{FB5B801D-3270-4483-9F4A-0E221F490454}.CD_ROM|x86.ActiveCfg = Release|Any CPU
		{FB5B801D-3270-4483-9F4A-0E221F490454}.CD_ROM|x86.Build.0 = Release|Any CPU
		{FB5B801D-3270-4483-9F4A-0E221F490454}.Debug|Any CPU.ActiveCfg = Debug|Any CPU
		{FB5B801D-3270-4483-9F4A-0E221F490454}.Debug|Any CPU.Build.0 = Debug|Any CPU
		{FB5B801D-3270-4483-9F4A-0E221F490454}.Debug|Mixed Platforms.ActiveCfg = Debug|Any CPU
		{FB5B801D-3270-4483-9F4A-0E221F490454}.Debug|Mixed Platforms.Build.0 = Debug|Any CPU
		{FB5B801D-3270-4483-9F4A-0E221F490454}.Debug|x64.ActiveCfg = Debug|Any CPU
		{FB5B801D-3270-4483-9F4A-0E221F490454}.Debug|x64.Build.0 = Debug|Any CPU
		{FB5B801D-3270-4483-9F4A-0E221F490454}.Debug|x86.ActiveCfg = Debug|Any CPU
		{FB5B801D-3270-4483-9F4A-0E221F490454}.Debug|x86.Build.0 = Debug|Any CPU
		{FB5B801D-3270-4483-9F4A-0E221F490454}.DVD-5|Any CPU.ActiveCfg = Debug|Any CPU
		{FB5B801D-3270-4483-9F4A-0E221F490454}.DVD-5|Any CPU.Build.0 = Debug|Any CPU
		{FB5B801D-3270-4483-9F4A-0E221F490454}.DVD-5|Mixed Platforms.ActiveCfg = Debug|Any CPU
		{FB5B801D-3270-4483-9F4A-0E221F490454}.DVD-5|Mixed Platforms.Build.0 = Debug|Any CPU
		{FB5B801D-3270-4483-9F4A-0E221F490454}.DVD-5|x64.ActiveCfg = Debug|Any CPU
		{FB5B801D-3270-4483-9F4A-0E221F490454}.DVD-5|x64.Build.0 = Debug|Any CPU
		{FB5B801D-3270-4483-9F4A-0E221F490454}.DVD-5|x86.ActiveCfg = Debug|Any CPU
		{FB5B801D-3270-4483-9F4A-0E221F490454}.DVD-5|x86.Build.0 = Debug|Any CPU
		{FB5B801D-3270-4483-9F4A-0E221F490454}.Release|Any CPU.ActiveCfg = Release|Any CPU
		{FB5B801D-3270-4483-9F4A-0E221F490454}.Release|Any CPU.Build.0 = Release|Any CPU
		{FB5B801D-3270-4483-9F4A-0E221F490454}.Release|Mixed Platforms.ActiveCfg = Release|Any CPU
		{FB5B801D-3270-4483-9F4A-0E221F490454}.Release|Mixed Platforms.Build.0 = Release|Any CPU
		{FB5B801D-3270-4483-9F4A-0E221F490454}.Release|x64.ActiveCfg = Release|Any CPU
		{FB5B801D-3270-4483-9F4A-0E221F490454}.Release|x64.Build.0 = Release|Any CPU
		{FB5B801D-3270-4483-9F4A-0E221F490454}.Release|x86.ActiveCfg = Release|Any CPU
		{FB5B801D-3270-4483-9F4A-0E221F490454}.Release|x86.Build.0 = Release|Any CPU
		{FB5B801D-3270-4483-9F4A-0E221F490454}.SingleImage|Any CPU.ActiveCfg = Release|Any CPU
		{FB5B801D-3270-4483-9F4A-0E221F490454}.SingleImage|Any CPU.Build.0 = Release|Any CPU
		{FB5B801D-3270-4483-9F4A-0E221F490454}.SingleImage|Mixed Platforms.ActiveCfg = Release|Any CPU
		{FB5B801D-3270-4483-9F4A-0E221F490454}.SingleImage|Mixed Platforms.Build.0 = Release|Any CPU
		{FB5B801D-3270-4483-9F4A-0E221F490454}.SingleImage|x64.ActiveCfg = Debug|Any CPU
		{FB5B801D-3270-4483-9F4A-0E221F490454}.SingleImage|x64.Build.0 = Debug|Any CPU
		{FB5B801D-3270-4483-9F4A-0E221F490454}.SingleImage|x86.ActiveCfg = Release|Any CPU
		{FB5B801D-3270-4483-9F4A-0E221F490454}.SingleImage|x86.Build.0 = Release|Any CPU
		{03E389FD-A72A-428E-A6BF-7AED89964908}.CD_ROM|Any CPU.ActiveCfg = Release|Any CPU
		{03E389FD-A72A-428E-A6BF-7AED89964908}.CD_ROM|Any CPU.Build.0 = Release|Any CPU
		{03E389FD-A72A-428E-A6BF-7AED89964908}.CD_ROM|Mixed Platforms.ActiveCfg = Release|Any CPU
		{03E389FD-A72A-428E-A6BF-7AED89964908}.CD_ROM|Mixed Platforms.Build.0 = Release|Any CPU
		{03E389FD-A72A-428E-A6BF-7AED89964908}.CD_ROM|x64.ActiveCfg = Release|Any CPU
		{03E389FD-A72A-428E-A6BF-7AED89964908}.CD_ROM|x64.Build.0 = Release|Any CPU
		{03E389FD-A72A-428E-A6BF-7AED89964908}.CD_ROM|x86.ActiveCfg = Release|Any CPU
		{03E389FD-A72A-428E-A6BF-7AED89964908}.CD_ROM|x86.Build.0 = Release|Any CPU
		{03E389FD-A72A-428E-A6BF-7AED89964908}.Debug|Any CPU.ActiveCfg = Debug|Any CPU
		{03E389FD-A72A-428E-A6BF-7AED89964908}.Debug|Any CPU.Build.0 = Debug|Any CPU
		{03E389FD-A72A-428E-A6BF-7AED89964908}.Debug|Mixed Platforms.ActiveCfg = Debug|Any CPU
		{03E389FD-A72A-428E-A6BF-7AED89964908}.Debug|Mixed Platforms.Build.0 = Debug|Any CPU
		{03E389FD-A72A-428E-A6BF-7AED89964908}.Debug|x64.ActiveCfg = Debug|Any CPU
		{03E389FD-A72A-428E-A6BF-7AED89964908}.Debug|x64.Build.0 = Debug|Any CPU
		{03E389FD-A72A-428E-A6BF-7AED89964908}.Debug|x86.ActiveCfg = Debug|Any CPU
		{03E389FD-A72A-428E-A6BF-7AED89964908}.Debug|x86.Build.0 = Debug|Any CPU
		{03E389FD-A72A-428E-A6BF-7AED89964908}.DVD-5|Any CPU.ActiveCfg = Debug|Any CPU
		{03E389FD-A72A-428E-A6BF-7AED89964908}.DVD-5|Any CPU.Build.0 = Debug|Any CPU
		{03E389FD-A72A-428E-A6BF-7AED89964908}.DVD-5|Mixed Platforms.ActiveCfg = Debug|Any CPU
		{03E389FD-A72A-428E-A6BF-7AED89964908}.DVD-5|Mixed Platforms.Build.0 = Debug|Any CPU
		{03E389FD-A72A-428E-A6BF-7AED89964908}.DVD-5|x64.ActiveCfg = Debug|Any CPU
		{03E389FD-A72A-428E-A6BF-7AED89964908}.DVD-5|x64.Build.0 = Debug|Any CPU
		{03E389FD-A72A-428E-A6BF-7AED89964908}.DVD-5|x86.ActiveCfg = Debug|Any CPU
		{03E389FD-A72A-428E-A6BF-7AED89964908}.DVD-5|x86.Build.0 = Debug|Any CPU
		{03E389FD-A72A-428E-A6BF-7AED89964908}.Release|Any CPU.ActiveCfg = Release|Any CPU
		{03E389FD-A72A-428E-A6BF-7AED89964908}.Release|Any CPU.Build.0 = Release|Any CPU
		{03E389FD-A72A-428E-A6BF-7AED89964908}.Release|Mixed Platforms.ActiveCfg = Release|Any CPU
		{03E389FD-A72A-428E-A6BF-7AED89964908}.Release|Mixed Platforms.Build.0 = Release|Any CPU
		{03E389FD-A72A-428E-A6BF-7AED89964908}.Release|x64.ActiveCfg = Release|Any CPU
		{03E389FD-A72A-428E-A6BF-7AED89964908}.Release|x64.Build.0 = Release|Any CPU
		{03E389FD-A72A-428E-A6BF-7AED89964908}.Release|x86.ActiveCfg = Release|Any CPU
		{03E389FD-A72A-428E-A6BF-7AED89964908}.Release|x86.Build.0 = Release|Any CPU
		{03E389FD-A72A-428E-A6BF-7AED89964908}.SingleImage|Any CPU.ActiveCfg = Release|Any CPU
		{03E389FD-A72A-428E-A6BF-7AED89964908}.SingleImage|Any CPU.Build.0 = Release|Any CPU
		{03E389FD-A72A-428E-A6BF-7AED89964908}.SingleImage|Mixed Platforms.ActiveCfg = Release|Any CPU
		{03E389FD-A72A-428E-A6BF-7AED89964908}.SingleImage|Mixed Platforms.Build.0 = Release|Any CPU
		{03E389FD-A72A-428E-A6BF-7AED89964908}.SingleImage|x64.ActiveCfg = Release|Any CPU
		{03E389FD-A72A-428E-A6BF-7AED89964908}.SingleImage|x64.Build.0 = Release|Any CPU
		{03E389FD-A72A-428E-A6BF-7AED89964908}.SingleImage|x86.ActiveCfg = Release|Any CPU
		{03E389FD-A72A-428E-A6BF-7AED89964908}.SingleImage|x86.Build.0 = Release|Any CPU
		{CCBF5BCB-914F-4F38-B057-27010160EE63}.CD_ROM|Any CPU.ActiveCfg = Release|Any CPU
		{CCBF5BCB-914F-4F38-B057-27010160EE63}.CD_ROM|Any CPU.Build.0 = Release|Any CPU
		{CCBF5BCB-914F-4F38-B057-27010160EE63}.CD_ROM|Mixed Platforms.ActiveCfg = Release|Any CPU
		{CCBF5BCB-914F-4F38-B057-27010160EE63}.CD_ROM|Mixed Platforms.Build.0 = Release|Any CPU
		{CCBF5BCB-914F-4F38-B057-27010160EE63}.CD_ROM|x64.ActiveCfg = Release|Any CPU
		{CCBF5BCB-914F-4F38-B057-27010160EE63}.CD_ROM|x64.Build.0 = Release|Any CPU
		{CCBF5BCB-914F-4F38-B057-27010160EE63}.CD_ROM|x86.ActiveCfg = Release|Any CPU
		{CCBF5BCB-914F-4F38-B057-27010160EE63}.CD_ROM|x86.Build.0 = Release|Any CPU
		{CCBF5BCB-914F-4F38-B057-27010160EE63}.Debug|Any CPU.ActiveCfg = Debug|Any CPU
		{CCBF5BCB-914F-4F38-B057-27010160EE63}.Debug|Any CPU.Build.0 = Debug|Any CPU
		{CCBF5BCB-914F-4F38-B057-27010160EE63}.Debug|Mixed Platforms.ActiveCfg = Debug|Any CPU
		{CCBF5BCB-914F-4F38-B057-27010160EE63}.Debug|Mixed Platforms.Build.0 = Debug|Any CPU
		{CCBF5BCB-914F-4F38-B057-27010160EE63}.Debug|x64.ActiveCfg = Debug|Any CPU
		{CCBF5BCB-914F-4F38-B057-27010160EE63}.Debug|x64.Build.0 = Debug|Any CPU
		{CCBF5BCB-914F-4F38-B057-27010160EE63}.Debug|x86.ActiveCfg = Debug|Any CPU
		{CCBF5BCB-914F-4F38-B057-27010160EE63}.Debug|x86.Build.0 = Debug|Any CPU
		{CCBF5BCB-914F-4F38-B057-27010160EE63}.DVD-5|Any CPU.ActiveCfg = Debug|Any CPU
		{CCBF5BCB-914F-4F38-B057-27010160EE63}.DVD-5|Any CPU.Build.0 = Debug|Any CPU
		{CCBF5BCB-914F-4F38-B057-27010160EE63}.DVD-5|Mixed Platforms.ActiveCfg = Debug|Any CPU
		{CCBF5BCB-914F-4F38-B057-27010160EE63}.DVD-5|Mixed Platforms.Build.0 = Debug|Any CPU
		{CCBF5BCB-914F-4F38-B057-27010160EE63}.DVD-5|x64.ActiveCfg = Debug|Any CPU
		{CCBF5BCB-914F-4F38-B057-27010160EE63}.DVD-5|x64.Build.0 = Debug|Any CPU
		{CCBF5BCB-914F-4F38-B057-27010160EE63}.DVD-5|x86.ActiveCfg = Debug|Any CPU
		{CCBF5BCB-914F-4F38-B057-27010160EE63}.DVD-5|x86.Build.0 = Debug|Any CPU
		{CCBF5BCB-914F-4F38-B057-27010160EE63}.Release|Any CPU.ActiveCfg = Release|Any CPU
		{CCBF5BCB-914F-4F38-B057-27010160EE63}.Release|Any CPU.Build.0 = Release|Any CPU
		{CCBF5BCB-914F-4F38-B057-27010160EE63}.Release|Mixed Platforms.ActiveCfg = Release|Any CPU
		{CCBF5BCB-914F-4F38-B057-27010160EE63}.Release|Mixed Platforms.Build.0 = Release|Any CPU
		{CCBF5BCB-914F-4F38-B057-27010160EE63}.Release|x64.ActiveCfg = Release|Any CPU
		{CCBF5BCB-914F-4F38-B057-27010160EE63}.Release|x64.Build.0 = Release|Any CPU
		{CCBF5BCB-914F-4F38-B057-27010160EE63}.Release|x86.ActiveCfg = Release|Any CPU
		{CCBF5BCB-914F-4F38-B057-27010160EE63}.Release|x86.Build.0 = Release|Any CPU
		{CCBF5BCB-914F-4F38-B057-27010160EE63}.SingleImage|Any CPU.ActiveCfg = Release|Any CPU
		{CCBF5BCB-914F-4F38-B057-27010160EE63}.SingleImage|Any CPU.Build.0 = Release|Any CPU
		{CCBF5BCB-914F-4F38-B057-27010160EE63}.SingleImage|Mixed Platforms.ActiveCfg = Release|Any CPU
		{CCBF5BCB-914F-4F38-B057-27010160EE63}.SingleImage|Mixed Platforms.Build.0 = Release|Any CPU
		{CCBF5BCB-914F-4F38-B057-27010160EE63}.SingleImage|x64.ActiveCfg = Release|Any CPU
		{CCBF5BCB-914F-4F38-B057-27010160EE63}.SingleImage|x64.Build.0 = Release|Any CPU
		{CCBF5BCB-914F-4F38-B057-27010160EE63}.SingleImage|x86.ActiveCfg = Release|Any CPU
		{CCBF5BCB-914F-4F38-B057-27010160EE63}.SingleImage|x86.Build.0 = Release|Any CPU
		{8CA41ACB-820E-4ED4-B373-1C745C7517B5}.CD_ROM|Any CPU.ActiveCfg = Release|Any CPU
		{8CA41ACB-820E-4ED4-B373-1C745C7517B5}.CD_ROM|Any CPU.Build.0 = Release|Any CPU
		{8CA41ACB-820E-4ED4-B373-1C745C7517B5}.CD_ROM|Mixed Platforms.ActiveCfg = Release|Any CPU
		{8CA41ACB-820E-4ED4-B373-1C745C7517B5}.CD_ROM|Mixed Platforms.Build.0 = Release|Any CPU
		{8CA41ACB-820E-4ED4-B373-1C745C7517B5}.CD_ROM|x64.ActiveCfg = Release|Any CPU
		{8CA41ACB-820E-4ED4-B373-1C745C7517B5}.CD_ROM|x64.Build.0 = Release|Any CPU
		{8CA41ACB-820E-4ED4-B373-1C745C7517B5}.CD_ROM|x86.ActiveCfg = Release|Any CPU
		{8CA41ACB-820E-4ED4-B373-1C745C7517B5}.CD_ROM|x86.Build.0 = Release|Any CPU
		{8CA41ACB-820E-4ED4-B373-1C745C7517B5}.Debug|Any CPU.ActiveCfg = Debug|Any CPU
		{8CA41ACB-820E-4ED4-B373-1C745C7517B5}.Debug|Any CPU.Build.0 = Debug|Any CPU
		{8CA41ACB-820E-4ED4-B373-1C745C7517B5}.Debug|Mixed Platforms.ActiveCfg = Debug|Any CPU
		{8CA41ACB-820E-4ED4-B373-1C745C7517B5}.Debug|Mixed Platforms.Build.0 = Debug|Any CPU
		{8CA41ACB-820E-4ED4-B373-1C745C7517B5}.Debug|x64.ActiveCfg = Debug|Any CPU
		{8CA41ACB-820E-4ED4-B373-1C745C7517B5}.Debug|x64.Build.0 = Debug|Any CPU
		{8CA41ACB-820E-4ED4-B373-1C745C7517B5}.Debug|x86.ActiveCfg = Debug|Any CPU
		{8CA41ACB-820E-4ED4-B373-1C745C7517B5}.Debug|x86.Build.0 = Debug|Any CPU
		{8CA41ACB-820E-4ED4-B373-1C745C7517B5}.DVD-5|Any CPU.ActiveCfg = Debug|Any CPU
		{8CA41ACB-820E-4ED4-B373-1C745C7517B5}.DVD-5|Any CPU.Build.0 = Debug|Any CPU
		{8CA41ACB-820E-4ED4-B373-1C745C7517B5}.DVD-5|Mixed Platforms.ActiveCfg = Debug|Any CPU
		{8CA41ACB-820E-4ED4-B373-1C745C7517B5}.DVD-5|Mixed Platforms.Build.0 = Debug|Any CPU
		{8CA41ACB-820E-4ED4-B373-1C745C7517B5}.DVD-5|x64.ActiveCfg = Debug|Any CPU
		{8CA41ACB-820E-4ED4-B373-1C745C7517B5}.DVD-5|x64.Build.0 = Debug|Any CPU
		{8CA41ACB-820E-4ED4-B373-1C745C7517B5}.DVD-5|x86.ActiveCfg = Debug|Any CPU
		{8CA41ACB-820E-4ED4-B373-1C745C7517B5}.DVD-5|x86.Build.0 = Debug|Any CPU
		{8CA41ACB-820E-4ED4-B373-1C745C7517B5}.Release|Any CPU.ActiveCfg = Release|Any CPU
		{8CA41ACB-820E-4ED4-B373-1C745C7517B5}.Release|Any CPU.Build.0 = Release|Any CPU
		{8CA41ACB-820E-4ED4-B373-1C745C7517B5}.Release|Mixed Platforms.ActiveCfg = Release|Any CPU
		{8CA41ACB-820E-4ED4-B373-1C745C7517B5}.Release|Mixed Platforms.Build.0 = Release|Any CPU
		{8CA41ACB-820E-4ED4-B373-1C745C7517B5}.Release|x64.ActiveCfg = Release|Any CPU
		{8CA41ACB-820E-4ED4-B373-1C745C7517B5}.Release|x64.Build.0 = Release|Any CPU
		{8CA41ACB-820E-4ED4-B373-1C745C7517B5}.Release|x86.ActiveCfg = Release|Any CPU
		{8CA41ACB-820E-4ED4-B373-1C745C7517B5}.Release|x86.Build.0 = Release|Any CPU
		{8CA41ACB-820E-4ED4-B373-1C745C7517B5}.SingleImage|Any CPU.ActiveCfg = Release|Any CPU
		{8CA41ACB-820E-4ED4-B373-1C745C7517B5}.SingleImage|Any CPU.Build.0 = Release|Any CPU
		{8CA41ACB-820E-4ED4-B373-1C745C7517B5}.SingleImage|Mixed Platforms.ActiveCfg = Release|Any CPU
		{8CA41ACB-820E-4ED4-B373-1C745C7517B5}.SingleImage|Mixed Platforms.Build.0 = Release|Any CPU
		{8CA41ACB-820E-4ED4-B373-1C745C7517B5}.SingleImage|x64.ActiveCfg = Release|Any CPU
		{8CA41ACB-820E-4ED4-B373-1C745C7517B5}.SingleImage|x64.Build.0 = Release|Any CPU
		{8CA41ACB-820E-4ED4-B373-1C745C7517B5}.SingleImage|x86.ActiveCfg = Release|Any CPU
		{8CA41ACB-820E-4ED4-B373-1C745C7517B5}.SingleImage|x86.Build.0 = Release|Any CPU
		{FE776ED0-3483-49FD-A66D-D8A2D43FEE55}.CD_ROM|Any CPU.ActiveCfg = Release|Any CPU
		{FE776ED0-3483-49FD-A66D-D8A2D43FEE55}.CD_ROM|Any CPU.Build.0 = Release|Any CPU
		{FE776ED0-3483-49FD-A66D-D8A2D43FEE55}.CD_ROM|Mixed Platforms.ActiveCfg = Release|Any CPU
		{FE776ED0-3483-49FD-A66D-D8A2D43FEE55}.CD_ROM|Mixed Platforms.Build.0 = Release|Any CPU
		{FE776ED0-3483-49FD-A66D-D8A2D43FEE55}.CD_ROM|x64.ActiveCfg = Release|Any CPU
		{FE776ED0-3483-49FD-A66D-D8A2D43FEE55}.CD_ROM|x64.Build.0 = Release|Any CPU
		{FE776ED0-3483-49FD-A66D-D8A2D43FEE55}.CD_ROM|x86.ActiveCfg = Release|Any CPU
		{FE776ED0-3483-49FD-A66D-D8A2D43FEE55}.CD_ROM|x86.Build.0 = Release|Any CPU
		{FE776ED0-3483-49FD-A66D-D8A2D43FEE55}.Debug|Any CPU.ActiveCfg = Debug|Any CPU
		{FE776ED0-3483-49FD-A66D-D8A2D43FEE55}.Debug|Any CPU.Build.0 = Debug|Any CPU
		{FE776ED0-3483-49FD-A66D-D8A2D43FEE55}.Debug|Mixed Platforms.ActiveCfg = Debug|Any CPU
		{FE776ED0-3483-49FD-A66D-D8A2D43FEE55}.Debug|Mixed Platforms.Build.0 = Debug|Any CPU
		{FE776ED0-3483-49FD-A66D-D8A2D43FEE55}.Debug|x64.ActiveCfg = Debug|Any CPU
		{FE776ED0-3483-49FD-A66D-D8A2D43FEE55}.Debug|x64.Build.0 = Debug|Any CPU
		{FE776ED0-3483-49FD-A66D-D8A2D43FEE55}.Debug|x86.ActiveCfg = Debug|Any CPU
		{FE776ED0-3483-49FD-A66D-D8A2D43FEE55}.Debug|x86.Build.0 = Debug|Any CPU
		{FE776ED0-3483-49FD-A66D-D8A2D43FEE55}.DVD-5|Any CPU.ActiveCfg = Debug|Any CPU
		{FE776ED0-3483-49FD-A66D-D8A2D43FEE55}.DVD-5|Any CPU.Build.0 = Debug|Any CPU
		{FE776ED0-3483-49FD-A66D-D8A2D43FEE55}.DVD-5|Mixed Platforms.ActiveCfg = Debug|Any CPU
		{FE776ED0-3483-49FD-A66D-D8A2D43FEE55}.DVD-5|Mixed Platforms.Build.0 = Debug|Any CPU
		{FE776ED0-3483-49FD-A66D-D8A2D43FEE55}.DVD-5|x64.ActiveCfg = Debug|Any CPU
		{FE776ED0-3483-49FD-A66D-D8A2D43FEE55}.DVD-5|x64.Build.0 = Debug|Any CPU
		{FE776ED0-3483-49FD-A66D-D8A2D43FEE55}.DVD-5|x86.ActiveCfg = Debug|Any CPU
		{FE776ED0-3483-49FD-A66D-D8A2D43FEE55}.DVD-5|x86.Build.0 = Debug|Any CPU
		{FE776ED0-3483-49FD-A66D-D8A2D43FEE55}.Release|Any CPU.ActiveCfg = Release|Any CPU
		{FE776ED0-3483-49FD-A66D-D8A2D43FEE55}.Release|Any CPU.Build.0 = Release|Any CPU
		{FE776ED0-3483-49FD-A66D-D8A2D43FEE55}.Release|Mixed Platforms.ActiveCfg = Release|Any CPU
		{FE776ED0-3483-49FD-A66D-D8A2D43FEE55}.Release|Mixed Platforms.Build.0 = Release|Any CPU
		{FE776ED0-3483-49FD-A66D-D8A2D43FEE55}.Release|x64.ActiveCfg = Release|Any CPU
		{FE776ED0-3483-49FD-A66D-D8A2D43FEE55}.Release|x64.Build.0 = Release|Any CPU
		{FE776ED0-3483-49FD-A66D-D8A2D43FEE55}.Release|x86.ActiveCfg = Release|Any CPU
		{FE776ED0-3483-49FD-A66D-D8A2D43FEE55}.Release|x86.Build.0 = Release|Any CPU
		{FE776ED0-3483-49FD-A66D-D8A2D43FEE55}.SingleImage|Any CPU.ActiveCfg = Release|Any CPU
		{FE776ED0-3483-49FD-A66D-D8A2D43FEE55}.SingleImage|Any CPU.Build.0 = Release|Any CPU
		{FE776ED0-3483-49FD-A66D-D8A2D43FEE55}.SingleImage|Mixed Platforms.ActiveCfg = Release|Any CPU
		{FE776ED0-3483-49FD-A66D-D8A2D43FEE55}.SingleImage|Mixed Platforms.Build.0 = Release|Any CPU
		{FE776ED0-3483-49FD-A66D-D8A2D43FEE55}.SingleImage|x64.ActiveCfg = Release|Any CPU
		{FE776ED0-3483-49FD-A66D-D8A2D43FEE55}.SingleImage|x64.Build.0 = Release|Any CPU
		{FE776ED0-3483-49FD-A66D-D8A2D43FEE55}.SingleImage|x86.ActiveCfg = Release|Any CPU
		{FE776ED0-3483-49FD-A66D-D8A2D43FEE55}.SingleImage|x86.Build.0 = Release|Any CPU
		{AF660534-5FB8-4EB0-BEEE-B816A9C3F654}.CD_ROM|Any CPU.ActiveCfg = Release|Any CPU
		{AF660534-5FB8-4EB0-BEEE-B816A9C3F654}.CD_ROM|Any CPU.Build.0 = Release|Any CPU
		{AF660534-5FB8-4EB0-BEEE-B816A9C3F654}.CD_ROM|Mixed Platforms.ActiveCfg = Release|Any CPU
		{AF660534-5FB8-4EB0-BEEE-B816A9C3F654}.CD_ROM|Mixed Platforms.Build.0 = Release|Any CPU
		{AF660534-5FB8-4EB0-BEEE-B816A9C3F654}.CD_ROM|x64.ActiveCfg = Release|Any CPU
		{AF660534-5FB8-4EB0-BEEE-B816A9C3F654}.CD_ROM|x64.Build.0 = Release|Any CPU
		{AF660534-5FB8-4EB0-BEEE-B816A9C3F654}.CD_ROM|x86.ActiveCfg = Release|Any CPU
		{AF660534-5FB8-4EB0-BEEE-B816A9C3F654}.CD_ROM|x86.Build.0 = Release|Any CPU
		{AF660534-5FB8-4EB0-BEEE-B816A9C3F654}.Debug|Any CPU.ActiveCfg = Debug|Any CPU
		{AF660534-5FB8-4EB0-BEEE-B816A9C3F654}.Debug|Any CPU.Build.0 = Debug|Any CPU
		{AF660534-5FB8-4EB0-BEEE-B816A9C3F654}.Debug|Mixed Platforms.ActiveCfg = Debug|Any CPU
		{AF660534-5FB8-4EB0-BEEE-B816A9C3F654}.Debug|Mixed Platforms.Build.0 = Debug|Any CPU
		{AF660534-5FB8-4EB0-BEEE-B816A9C3F654}.Debug|x64.ActiveCfg = Debug|Any CPU
		{AF660534-5FB8-4EB0-BEEE-B816A9C3F654}.Debug|x64.Build.0 = Debug|Any CPU
		{AF660534-5FB8-4EB0-BEEE-B816A9C3F654}.Debug|x86.ActiveCfg = Debug|Any CPU
		{AF660534-5FB8-4EB0-BEEE-B816A9C3F654}.Debug|x86.Build.0 = Debug|Any CPU
		{AF660534-5FB8-4EB0-BEEE-B816A9C3F654}.DVD-5|Any CPU.ActiveCfg = Debug|Any CPU
		{AF660534-5FB8-4EB0-BEEE-B816A9C3F654}.DVD-5|Any CPU.Build.0 = Debug|Any CPU
		{AF660534-5FB8-4EB0-BEEE-B816A9C3F654}.DVD-5|Mixed Platforms.ActiveCfg = Debug|Any CPU
		{AF660534-5FB8-4EB0-BEEE-B816A9C3F654}.DVD-5|Mixed Platforms.Build.0 = Debug|Any CPU
		{AF660534-5FB8-4EB0-BEEE-B816A9C3F654}.DVD-5|x64.ActiveCfg = Debug|Any CPU
		{AF660534-5FB8-4EB0-BEEE-B816A9C3F654}.DVD-5|x64.Build.0 = Debug|Any CPU
		{AF660534-5FB8-4EB0-BEEE-B816A9C3F654}.DVD-5|x86.ActiveCfg = Debug|Any CPU
		{AF660534-5FB8-4EB0-BEEE-B816A9C3F654}.DVD-5|x86.Build.0 = Debug|Any CPU
		{AF660534-5FB8-4EB0-BEEE-B816A9C3F654}.Release|Any CPU.ActiveCfg = Release|Any CPU
		{AF660534-5FB8-4EB0-BEEE-B816A9C3F654}.Release|Any CPU.Build.0 = Release|Any CPU
		{AF660534-5FB8-4EB0-BEEE-B816A9C3F654}.Release|Mixed Platforms.ActiveCfg = Release|Any CPU
		{AF660534-5FB8-4EB0-BEEE-B816A9C3F654}.Release|Mixed Platforms.Build.0 = Release|Any CPU
		{AF660534-5FB8-4EB0-BEEE-B816A9C3F654}.Release|x64.ActiveCfg = Release|Any CPU
		{AF660534-5FB8-4EB0-BEEE-B816A9C3F654}.Release|x64.Build.0 = Release|Any CPU
		{AF660534-5FB8-4EB0-BEEE-B816A9C3F654}.Release|x86.ActiveCfg = Release|Any CPU
		{AF660534-5FB8-4EB0-BEEE-B816A9C3F654}.Release|x86.Build.0 = Release|Any CPU
		{AF660534-5FB8-4EB0-BEEE-B816A9C3F654}.SingleImage|Any CPU.ActiveCfg = Release|Any CPU
		{AF660534-5FB8-4EB0-BEEE-B816A9C3F654}.SingleImage|Any CPU.Build.0 = Release|Any CPU
		{AF660534-5FB8-4EB0-BEEE-B816A9C3F654}.SingleImage|Mixed Platforms.ActiveCfg = Release|Any CPU
		{AF660534-5FB8-4EB0-BEEE-B816A9C3F654}.SingleImage|Mixed Platforms.Build.0 = Release|Any CPU
		{AF660534-5FB8-4EB0-BEEE-B816A9C3F654}.SingleImage|x64.ActiveCfg = Release|Any CPU
		{AF660534-5FB8-4EB0-BEEE-B816A9C3F654}.SingleImage|x64.Build.0 = Release|Any CPU
		{AF660534-5FB8-4EB0-BEEE-B816A9C3F654}.SingleImage|x86.ActiveCfg = Release|Any CPU
		{AF660534-5FB8-4EB0-BEEE-B816A9C3F654}.SingleImage|x86.Build.0 = Release|Any CPU
		{0C78DE3C-7183-460C-A136-629BF2B12A4E}.CD_ROM|Any CPU.ActiveCfg = Release|Any CPU
		{0C78DE3C-7183-460C-A136-629BF2B12A4E}.CD_ROM|Any CPU.Build.0 = Release|Any CPU
		{0C78DE3C-7183-460C-A136-629BF2B12A4E}.CD_ROM|Mixed Platforms.ActiveCfg = Release|Any CPU
		{0C78DE3C-7183-460C-A136-629BF2B12A4E}.CD_ROM|Mixed Platforms.Build.0 = Release|Any CPU
		{0C78DE3C-7183-460C-A136-629BF2B12A4E}.CD_ROM|x64.ActiveCfg = Release|Any CPU
		{0C78DE3C-7183-460C-A136-629BF2B12A4E}.CD_ROM|x64.Build.0 = Release|Any CPU
		{0C78DE3C-7183-460C-A136-629BF2B12A4E}.CD_ROM|x86.ActiveCfg = Release|Any CPU
		{0C78DE3C-7183-460C-A136-629BF2B12A4E}.CD_ROM|x86.Build.0 = Release|Any CPU
		{0C78DE3C-7183-460C-A136-629BF2B12A4E}.Debug|Any CPU.ActiveCfg = Debug|Any CPU
		{0C78DE3C-7183-460C-A136-629BF2B12A4E}.Debug|Any CPU.Build.0 = Debug|Any CPU
		{0C78DE3C-7183-460C-A136-629BF2B12A4E}.Debug|Mixed Platforms.ActiveCfg = Debug|Any CPU
		{0C78DE3C-7183-460C-A136-629BF2B12A4E}.Debug|Mixed Platforms.Build.0 = Debug|Any CPU
		{0C78DE3C-7183-460C-A136-629BF2B12A4E}.Debug|x64.ActiveCfg = Debug|Any CPU
		{0C78DE3C-7183-460C-A136-629BF2B12A4E}.Debug|x64.Build.0 = Debug|Any CPU
		{0C78DE3C-7183-460C-A136-629BF2B12A4E}.Debug|x86.ActiveCfg = Debug|Any CPU
		{0C78DE3C-7183-460C-A136-629BF2B12A4E}.Debug|x86.Build.0 = Debug|Any CPU
		{0C78DE3C-7183-460C-A136-629BF2B12A4E}.DVD-5|Any CPU.ActiveCfg = Debug|Any CPU
		{0C78DE3C-7183-460C-A136-629BF2B12A4E}.DVD-5|Any CPU.Build.0 = Debug|Any CPU
		{0C78DE3C-7183-460C-A136-629BF2B12A4E}.DVD-5|Mixed Platforms.ActiveCfg = Debug|Any CPU
		{0C78DE3C-7183-460C-A136-629BF2B12A4E}.DVD-5|Mixed Platforms.Build.0 = Debug|Any CPU
		{0C78DE3C-7183-460C-A136-629BF2B12A4E}.DVD-5|x64.ActiveCfg = Debug|Any CPU
		{0C78DE3C-7183-460C-A136-629BF2B12A4E}.DVD-5|x64.Build.0 = Debug|Any CPU
		{0C78DE3C-7183-460C-A136-629BF2B12A4E}.DVD-5|x86.ActiveCfg = Debug|Any CPU
		{0C78DE3C-7183-460C-A136-629BF2B12A4E}.DVD-5|x86.Build.0 = Debug|Any CPU
		{0C78DE3C-7183-460C-A136-629BF2B12A4E}.Release|Any CPU.ActiveCfg = Release|Any CPU
		{0C78DE3C-7183-460C-A136-629BF2B12A4E}.Release|Any CPU.Build.0 = Release|Any CPU
		{0C78DE3C-7183-460C-A136-629BF2B12A4E}.Release|Mixed Platforms.ActiveCfg = Release|Any CPU
		{0C78DE3C-7183-460C-A136-629BF2B12A4E}.Release|Mixed Platforms.Build.0 = Release|Any CPU
		{0C78DE3C-7183-460C-A136-629BF2B12A4E}.Release|x64.ActiveCfg = Release|Any CPU
		{0C78DE3C-7183-460C-A136-629BF2B12A4E}.Release|x64.Build.0 = Release|Any CPU
		{0C78DE3C-7183-460C-A136-629BF2B12A4E}.Release|x86.ActiveCfg = Release|Any CPU
		{0C78DE3C-7183-460C-A136-629BF2B12A4E}.Release|x86.Build.0 = Release|Any CPU
		{0C78DE3C-7183-460C-A136-629BF2B12A4E}.SingleImage|Any CPU.ActiveCfg = Release|Any CPU
		{0C78DE3C-7183-460C-A136-629BF2B12A4E}.SingleImage|Any CPU.Build.0 = Release|Any CPU
		{0C78DE3C-7183-460C-A136-629BF2B12A4E}.SingleImage|Mixed Platforms.ActiveCfg = Release|Any CPU
		{0C78DE3C-7183-460C-A136-629BF2B12A4E}.SingleImage|Mixed Platforms.Build.0 = Release|Any CPU
		{0C78DE3C-7183-460C-A136-629BF2B12A4E}.SingleImage|x64.ActiveCfg = Release|Any CPU
		{0C78DE3C-7183-460C-A136-629BF2B12A4E}.SingleImage|x64.Build.0 = Release|Any CPU
		{0C78DE3C-7183-460C-A136-629BF2B12A4E}.SingleImage|x86.ActiveCfg = Release|Any CPU
		{0C78DE3C-7183-460C-A136-629BF2B12A4E}.SingleImage|x86.Build.0 = Release|Any CPU
		{792F0FAD-1F42-4963-AC6B-408FD77E149C}.CD_ROM|Any CPU.ActiveCfg = Release|Any CPU
		{792F0FAD-1F42-4963-AC6B-408FD77E149C}.CD_ROM|Any CPU.Build.0 = Release|Any CPU
		{792F0FAD-1F42-4963-AC6B-408FD77E149C}.CD_ROM|Mixed Platforms.ActiveCfg = Release|Any CPU
		{792F0FAD-1F42-4963-AC6B-408FD77E149C}.CD_ROM|Mixed Platforms.Build.0 = Release|Any CPU
		{792F0FAD-1F42-4963-AC6B-408FD77E149C}.CD_ROM|x64.ActiveCfg = Release|Any CPU
		{792F0FAD-1F42-4963-AC6B-408FD77E149C}.CD_ROM|x64.Build.0 = Release|Any CPU
		{792F0FAD-1F42-4963-AC6B-408FD77E149C}.CD_ROM|x86.ActiveCfg = Release|Any CPU
		{792F0FAD-1F42-4963-AC6B-408FD77E149C}.CD_ROM|x86.Build.0 = Release|Any CPU
		{792F0FAD-1F42-4963-AC6B-408FD77E149C}.Debug|Any CPU.ActiveCfg = Debug|Any CPU
		{792F0FAD-1F42-4963-AC6B-408FD77E149C}.Debug|Any CPU.Build.0 = Debug|Any CPU
		{792F0FAD-1F42-4963-AC6B-408FD77E149C}.Debug|Mixed Platforms.ActiveCfg = Debug|Any CPU
		{792F0FAD-1F42-4963-AC6B-408FD77E149C}.Debug|Mixed Platforms.Build.0 = Debug|Any CPU
		{792F0FAD-1F42-4963-AC6B-408FD77E149C}.Debug|x64.ActiveCfg = Debug|Any CPU
		{792F0FAD-1F42-4963-AC6B-408FD77E149C}.Debug|x64.Build.0 = Debug|Any CPU
		{792F0FAD-1F42-4963-AC6B-408FD77E149C}.Debug|x86.ActiveCfg = Debug|Any CPU
		{792F0FAD-1F42-4963-AC6B-408FD77E149C}.Debug|x86.Build.0 = Debug|Any CPU
		{792F0FAD-1F42-4963-AC6B-408FD77E149C}.DVD-5|Any CPU.ActiveCfg = Debug|Any CPU
		{792F0FAD-1F42-4963-AC6B-408FD77E149C}.DVD-5|Any CPU.Build.0 = Debug|Any CPU
		{792F0FAD-1F42-4963-AC6B-408FD77E149C}.DVD-5|Mixed Platforms.ActiveCfg = Debug|Any CPU
		{792F0FAD-1F42-4963-AC6B-408FD77E149C}.DVD-5|Mixed Platforms.Build.0 = Debug|Any CPU
		{792F0FAD-1F42-4963-AC6B-408FD77E149C}.DVD-5|x64.ActiveCfg = Debug|Any CPU
		{792F0FAD-1F42-4963-AC6B-408FD77E149C}.DVD-5|x64.Build.0 = Debug|Any CPU
		{792F0FAD-1F42-4963-AC6B-408FD77E149C}.DVD-5|x86.ActiveCfg = Debug|Any CPU
		{792F0FAD-1F42-4963-AC6B-408FD77E149C}.DVD-5|x86.Build.0 = Debug|Any CPU
		{792F0FAD-1F42-4963-AC6B-408FD77E149C}.Release|Any CPU.ActiveCfg = Release|Any CPU
		{792F0FAD-1F42-4963-AC6B-408FD77E149C}.Release|Any CPU.Build.0 = Release|Any CPU
		{792F0FAD-1F42-4963-AC6B-408FD77E149C}.Release|Mixed Platforms.ActiveCfg = Release|Any CPU
		{792F0FAD-1F42-4963-AC6B-408FD77E149C}.Release|Mixed Platforms.Build.0 = Release|Any CPU
		{792F0FAD-1F42-4963-AC6B-408FD77E149C}.Release|x64.ActiveCfg = Release|Any CPU
		{792F0FAD-1F42-4963-AC6B-408FD77E149C}.Release|x64.Build.0 = Release|Any CPU
		{792F0FAD-1F42-4963-AC6B-408FD77E149C}.Release|x86.ActiveCfg = Release|Any CPU
		{792F0FAD-1F42-4963-AC6B-408FD77E149C}.Release|x86.Build.0 = Release|Any CPU
		{792F0FAD-1F42-4963-AC6B-408FD77E149C}.SingleImage|Any CPU.ActiveCfg = Release|Any CPU
		{792F0FAD-1F42-4963-AC6B-408FD77E149C}.SingleImage|Any CPU.Build.0 = Release|Any CPU
		{792F0FAD-1F42-4963-AC6B-408FD77E149C}.SingleImage|Mixed Platforms.ActiveCfg = Release|Any CPU
		{792F0FAD-1F42-4963-AC6B-408FD77E149C}.SingleImage|Mixed Platforms.Build.0 = Release|Any CPU
		{792F0FAD-1F42-4963-AC6B-408FD77E149C}.SingleImage|x64.ActiveCfg = Release|Any CPU
		{792F0FAD-1F42-4963-AC6B-408FD77E149C}.SingleImage|x64.Build.0 = Release|Any CPU
		{792F0FAD-1F42-4963-AC6B-408FD77E149C}.SingleImage|x86.ActiveCfg = Release|Any CPU
		{792F0FAD-1F42-4963-AC6B-408FD77E149C}.SingleImage|x86.Build.0 = Release|Any CPU
		{BD31AB91-B2A4-48F6-83C9-32938301F643}.CD_ROM|Any CPU.ActiveCfg = Release|Any CPU
		{BD31AB91-B2A4-48F6-83C9-32938301F643}.CD_ROM|Any CPU.Build.0 = Release|Any CPU
		{BD31AB91-B2A4-48F6-83C9-32938301F643}.CD_ROM|Mixed Platforms.ActiveCfg = Release|Any CPU
		{BD31AB91-B2A4-48F6-83C9-32938301F643}.CD_ROM|Mixed Platforms.Build.0 = Release|Any CPU
		{BD31AB91-B2A4-48F6-83C9-32938301F643}.CD_ROM|x64.ActiveCfg = Release|Any CPU
		{BD31AB91-B2A4-48F6-83C9-32938301F643}.CD_ROM|x64.Build.0 = Release|Any CPU
		{BD31AB91-B2A4-48F6-83C9-32938301F643}.CD_ROM|x86.ActiveCfg = Release|Any CPU
		{BD31AB91-B2A4-48F6-83C9-32938301F643}.CD_ROM|x86.Build.0 = Release|Any CPU
		{BD31AB91-B2A4-48F6-83C9-32938301F643}.Debug|Any CPU.ActiveCfg = Debug|Any CPU
		{BD31AB91-B2A4-48F6-83C9-32938301F643}.Debug|Any CPU.Build.0 = Debug|Any CPU
		{BD31AB91-B2A4-48F6-83C9-32938301F643}.Debug|Mixed Platforms.ActiveCfg = Debug|Any CPU
		{BD31AB91-B2A4-48F6-83C9-32938301F643}.Debug|Mixed Platforms.Build.0 = Debug|Any CPU
		{BD31AB91-B2A4-48F6-83C9-32938301F643}.Debug|x64.ActiveCfg = Debug|Any CPU
		{BD31AB91-B2A4-48F6-83C9-32938301F643}.Debug|x64.Build.0 = Debug|Any CPU
		{BD31AB91-B2A4-48F6-83C9-32938301F643}.Debug|x86.ActiveCfg = Debug|Any CPU
		{BD31AB91-B2A4-48F6-83C9-32938301F643}.Debug|x86.Build.0 = Debug|Any CPU
		{BD31AB91-B2A4-48F6-83C9-32938301F643}.DVD-5|Any CPU.ActiveCfg = Debug|Any CPU
		{BD31AB91-B2A4-48F6-83C9-32938301F643}.DVD-5|Any CPU.Build.0 = Debug|Any CPU
		{BD31AB91-B2A4-48F6-83C9-32938301F643}.DVD-5|Mixed Platforms.ActiveCfg = Debug|Any CPU
		{BD31AB91-B2A4-48F6-83C9-32938301F643}.DVD-5|Mixed Platforms.Build.0 = Debug|Any CPU
		{BD31AB91-B2A4-48F6-83C9-32938301F643}.DVD-5|x64.ActiveCfg = Debug|Any CPU
		{BD31AB91-B2A4-48F6-83C9-32938301F643}.DVD-5|x64.Build.0 = Debug|Any CPU
		{BD31AB91-B2A4-48F6-83C9-32938301F643}.DVD-5|x86.ActiveCfg = Debug|Any CPU
		{BD31AB91-B2A4-48F6-83C9-32938301F643}.DVD-5|x86.Build.0 = Debug|Any CPU
		{BD31AB91-B2A4-48F6-83C9-32938301F643}.Release|Any CPU.ActiveCfg = Release|Any CPU
		{BD31AB91-B2A4-48F6-83C9-32938301F643}.Release|Any CPU.Build.0 = Release|Any CPU
		{BD31AB91-B2A4-48F6-83C9-32938301F643}.Release|Mixed Platforms.ActiveCfg = Release|Any CPU
		{BD31AB91-B2A4-48F6-83C9-32938301F643}.Release|Mixed Platforms.Build.0 = Release|Any CPU
		{BD31AB91-B2A4-48F6-83C9-32938301F643}.Release|x64.ActiveCfg = Release|Any CPU
		{BD31AB91-B2A4-48F6-83C9-32938301F643}.Release|x64.Build.0 = Release|Any CPU
		{BD31AB91-B2A4-48F6-83C9-32938301F643}.Release|x86.ActiveCfg = Release|Any CPU
		{BD31AB91-B2A4-48F6-83C9-32938301F643}.Release|x86.Build.0 = Release|Any CPU
		{BD31AB91-B2A4-48F6-83C9-32938301F643}.SingleImage|Any CPU.ActiveCfg = Release|Any CPU
		{BD31AB91-B2A4-48F6-83C9-32938301F643}.SingleImage|Any CPU.Build.0 = Release|Any CPU
		{BD31AB91-B2A4-48F6-83C9-32938301F643}.SingleImage|Mixed Platforms.ActiveCfg = Release|Any CPU
		{BD31AB91-B2A4-48F6-83C9-32938301F643}.SingleImage|Mixed Platforms.Build.0 = Release|Any CPU
		{BD31AB91-B2A4-48F6-83C9-32938301F643}.SingleImage|x64.ActiveCfg = Release|Any CPU
		{BD31AB91-B2A4-48F6-83C9-32938301F643}.SingleImage|x64.Build.0 = Release|Any CPU
		{BD31AB91-B2A4-48F6-83C9-32938301F643}.SingleImage|x86.ActiveCfg = Release|Any CPU
		{BD31AB91-B2A4-48F6-83C9-32938301F643}.SingleImage|x86.Build.0 = Release|Any CPU
		{36D315CC-0FDD-4DCE-B84D-843113E15639}.CD_ROM|Any CPU.ActiveCfg = Release|Any CPU
		{36D315CC-0FDD-4DCE-B84D-843113E15639}.CD_ROM|Any CPU.Build.0 = Release|Any CPU
		{36D315CC-0FDD-4DCE-B84D-843113E15639}.CD_ROM|Mixed Platforms.ActiveCfg = Release|Any CPU
		{36D315CC-0FDD-4DCE-B84D-843113E15639}.CD_ROM|Mixed Platforms.Build.0 = Release|Any CPU
		{36D315CC-0FDD-4DCE-B84D-843113E15639}.CD_ROM|x64.ActiveCfg = Release|Any CPU
		{36D315CC-0FDD-4DCE-B84D-843113E15639}.CD_ROM|x64.Build.0 = Release|Any CPU
		{36D315CC-0FDD-4DCE-B84D-843113E15639}.CD_ROM|x86.ActiveCfg = Release|Any CPU
		{36D315CC-0FDD-4DCE-B84D-843113E15639}.CD_ROM|x86.Build.0 = Release|Any CPU
		{36D315CC-0FDD-4DCE-B84D-843113E15639}.Debug|Any CPU.ActiveCfg = Debug|Any CPU
		{36D315CC-0FDD-4DCE-B84D-843113E15639}.Debug|Any CPU.Build.0 = Debug|Any CPU
		{36D315CC-0FDD-4DCE-B84D-843113E15639}.Debug|Mixed Platforms.ActiveCfg = Debug|Any CPU
		{36D315CC-0FDD-4DCE-B84D-843113E15639}.Debug|Mixed Platforms.Build.0 = Debug|Any CPU
		{36D315CC-0FDD-4DCE-B84D-843113E15639}.Debug|x64.ActiveCfg = Debug|Any CPU
		{36D315CC-0FDD-4DCE-B84D-843113E15639}.Debug|x64.Build.0 = Debug|Any CPU
		{36D315CC-0FDD-4DCE-B84D-843113E15639}.Debug|x86.ActiveCfg = Debug|Any CPU
		{36D315CC-0FDD-4DCE-B84D-843113E15639}.Debug|x86.Build.0 = Debug|Any CPU
		{36D315CC-0FDD-4DCE-B84D-843113E15639}.DVD-5|Any CPU.ActiveCfg = Debug|Any CPU
		{36D315CC-0FDD-4DCE-B84D-843113E15639}.DVD-5|Any CPU.Build.0 = Debug|Any CPU
		{36D315CC-0FDD-4DCE-B84D-843113E15639}.DVD-5|Mixed Platforms.ActiveCfg = Debug|Any CPU
		{36D315CC-0FDD-4DCE-B84D-843113E15639}.DVD-5|Mixed Platforms.Build.0 = Debug|Any CPU
		{36D315CC-0FDD-4DCE-B84D-843113E15639}.DVD-5|x64.ActiveCfg = Debug|Any CPU
		{36D315CC-0FDD-4DCE-B84D-843113E15639}.DVD-5|x64.Build.0 = Debug|Any CPU
		{36D315CC-0FDD-4DCE-B84D-843113E15639}.DVD-5|x86.ActiveCfg = Debug|Any CPU
		{36D315CC-0FDD-4DCE-B84D-843113E15639}.DVD-5|x86.Build.0 = Debug|Any CPU
		{36D315CC-0FDD-4DCE-B84D-843113E15639}.Release|Any CPU.ActiveCfg = Release|Any CPU
		{36D315CC-0FDD-4DCE-B84D-843113E15639}.Release|Any CPU.Build.0 = Release|Any CPU
		{36D315CC-0FDD-4DCE-B84D-843113E15639}.Release|Mixed Platforms.ActiveCfg = Release|Any CPU
		{36D315CC-0FDD-4DCE-B84D-843113E15639}.Release|Mixed Platforms.Build.0 = Release|Any CPU
		{36D315CC-0FDD-4DCE-B84D-843113E15639}.Release|x64.ActiveCfg = Release|Any CPU
		{36D315CC-0FDD-4DCE-B84D-843113E15639}.Release|x64.Build.0 = Release|Any CPU
		{36D315CC-0FDD-4DCE-B84D-843113E15639}.Release|x86.ActiveCfg = Release|Any CPU
		{36D315CC-0FDD-4DCE-B84D-843113E15639}.Release|x86.Build.0 = Release|Any CPU
		{36D315CC-0FDD-4DCE-B84D-843113E15639}.SingleImage|Any CPU.ActiveCfg = Release|Any CPU
		{36D315CC-0FDD-4DCE-B84D-843113E15639}.SingleImage|Any CPU.Build.0 = Release|Any CPU
		{36D315CC-0FDD-4DCE-B84D-843113E15639}.SingleImage|Mixed Platforms.ActiveCfg = Release|Any CPU
		{36D315CC-0FDD-4DCE-B84D-843113E15639}.SingleImage|Mixed Platforms.Build.0 = Release|Any CPU
		{36D315CC-0FDD-4DCE-B84D-843113E15639}.SingleImage|x64.ActiveCfg = Release|Any CPU
		{36D315CC-0FDD-4DCE-B84D-843113E15639}.SingleImage|x64.Build.0 = Release|Any CPU
		{36D315CC-0FDD-4DCE-B84D-843113E15639}.SingleImage|x86.ActiveCfg = Release|Any CPU
		{36D315CC-0FDD-4DCE-B84D-843113E15639}.SingleImage|x86.Build.0 = Release|Any CPU
	EndGlobalSection
	GlobalSection(SolutionProperties) = preSolution
		HideSolutionNode = FALSE
	EndGlobalSection
	GlobalSection(NestedProjects) = preSolution
		{B1DF133D-5C07-4779-A82C-EDC2FB0B8760} = {7CE79306-AF47-4A5F-9A48-A154E110A443}
		{9A8EB7E0-D11F-46D6-AFA4-82D59154685B} = {E6709F59-F5DD-47CA-8D3B-2D3735CE95D6}
		{4AB2D795-52F7-4E85-AE3E-F81090A83376} = {1B13F01F-6370-4319-AF15-1BCB015C42E4}
		{CBD28E5B-3095-4984-9F68-D7F2D4441800} = {1B13F01F-6370-4319-AF15-1BCB015C42E4}
		{2C04B8BD-9951-4117-AED7-2E328A54FB01} = {7CE79306-AF47-4A5F-9A48-A154E110A443}
		{DD002290-D84E-4FD1-9F45-9A23EEAC2C33} = {C0CB8B1B-5127-4811-BE0E-3229870E4F5D}
		{86B59818-0B03-46ED-B6A3-F10DEA1DC3E9} = {1B13F01F-6370-4319-AF15-1BCB015C42E4}
		{F8B209A1-4341-4C11-A9D9-9745687D104D} = {C0CB8B1B-5127-4811-BE0E-3229870E4F5D}
		{FB5B801D-3270-4483-9F4A-0E221F490454} = {C0CB8B1B-5127-4811-BE0E-3229870E4F5D}
		{03E389FD-A72A-428E-A6BF-7AED89964908} = {1B13F01F-6370-4319-AF15-1BCB015C42E4}
		{CCBF5BCB-914F-4F38-B057-27010160EE63} = {65F006FF-07DA-4AAE-8CA0-ADDF60171DB0}
		{8CA41ACB-820E-4ED4-B373-1C745C7517B5} = {65F006FF-07DA-4AAE-8CA0-ADDF60171DB0}
		{FE776ED0-3483-49FD-A66D-D8A2D43FEE55} = {7CE79306-AF47-4A5F-9A48-A154E110A443}
		{AF660534-5FB8-4EB0-BEEE-B816A9C3F654} = {7CE79306-AF47-4A5F-9A48-A154E110A443}
		{0C78DE3C-7183-460C-A136-629BF2B12A4E} = {65F006FF-07DA-4AAE-8CA0-ADDF60171DB0}
		{792F0FAD-1F42-4963-AC6B-408FD77E149C} = {1B13F01F-6370-4319-AF15-1BCB015C42E4}
		{BD31AB91-B2A4-48F6-83C9-32938301F643} = {7CE79306-AF47-4A5F-9A48-A154E110A443}
		{36D315CC-0FDD-4DCE-B84D-843113E15639} = {7CE79306-AF47-4A5F-9A48-A154E110A443}
	EndGlobalSection
	GlobalSection(ExtensibilityGlobals) = postSolution
		SolutionGuid = {2764A043-72C5-40ED-B701-FEEB9AA8EB31}
	EndGlobalSection
	GlobalSection(TeamFoundationVersionControl) = preSolution
		SccNumberOfProjects = 19
		SccEnterpriseProvider = {4CA58AB2-18FA-4F8D-95D4-32DDF27D184C}
		SccTeamFoundationServer = http://emptlcloud.cloudapp.net:8085/tfs/clal
		SccLocalPath0 = .
		SccProjectUniqueName1 = TFI.Mapper\\TFI.Mapper.csproj
		SccProjectTopLevelParentUniqueName1 = Cherries.sln
		SccProjectName1 = TFI.Mapper
		SccLocalPath1 = TFI.Mapper
		SccProjectUniqueName2 = TFI_DataAccessTest\\TFI_DataAccessTest.csproj
		SccProjectTopLevelParentUniqueName2 = Cherries.sln
		SccProjectName2 = TFI_DataAccessTest
		SccLocalPath2 = TFI_DataAccessTest
		SccProjectUniqueName3 = Cherries.Services\\Cherries.Services.csproj
		SccProjectTopLevelParentUniqueName3 = Cherries.sln
		SccProjectName3 = Cherries.Services
		SccLocalPath3 = Cherries.Services
		SccProjectUniqueName4 = Cherries.Models\\Cherries.Models.csproj
		SccProjectTopLevelParentUniqueName4 = Cherries.sln
		SccProjectName4 = Cherries.Models
		SccLocalPath4 = Cherries.Models
		SccProjectUniqueName5 = Cherries.WebApi\\Cherries.WebApi.csproj
		SccProjectTopLevelParentUniqueName5 = Cherries.sln
		SccProjectName5 = Cherries.WebApi
		SccLocalPath5 = Cherries.WebApi
		SccProjectUniqueName6 = TFI_BusinessLogic\\TFI.BusinessLogic.csproj
		SccProjectTopLevelParentUniqueName6 = Cherries.sln
		SccProjectName6 = TFI_BusinessLogic
		SccLocalPath6 = TFI_BusinessLogic
		SccProjectUniqueName7 = TFI_CalculationEngine\\TFI.CalculationEngine.csproj
		SccProjectTopLevelParentUniqueName7 = Cherries.sln
		SccProjectName7 = TFI_CalculationEngine
		SccLocalPath7 = TFI_CalculationEngine
		SccProjectUniqueName8 = TFI_Consts\\TFI.Consts.csproj
		SccProjectTopLevelParentUniqueName8 = Cherries.sln
		SccProjectName8 = TFI_Consts
		SccLocalPath8 = TFI_Consts
		SccProjectUniqueName9 = TFI_Entities\\TFI.Entities.csproj
		SccProjectTopLevelParentUniqueName9 = Cherries.sln
		SccProjectName9 = TFI_Entities
		SccLocalPath9 = TFI_Entities
		SccProjectUniqueName10 = Cherries.Services.Interfaces\\Cherries.Services.Interfaces.csproj
		SccProjectTopLevelParentUniqueName10 = Cherries.sln
		SccProjectName10 = Cherries.Services.Interfaces
		SccLocalPath10 = Cherries.Services.Interfaces
		SccProjectUniqueName11 = TFI.BusinessLogic.Interfaces\\TFI.BusinessLogic.Interfaces.csproj
		SccProjectTopLevelParentUniqueName11 = Cherries.sln
		SccProjectName11 = TFI.BusinessLogic.Interfaces
		SccLocalPath11 = TFI.BusinessLogic.Interfaces
		SccProjectUniqueName12 = TFI.BusinessLogic.Bootstraper\\TFI.BusinessLogic.Bootstrapper.csproj
		SccProjectTopLevelParentUniqueName12 = Cherries.sln
		SccProjectName12 = TFI.BusinessLogic.Bootstraper
		SccLocalPath12 = TFI.BusinessLogic.Bootstraper
		SccProjectUniqueName13 = Cherries.Services.Bootstrapper\\Cherries.Services.Bootstrapper.csproj
		SccProjectTopLevelParentUniqueName13 = Cherries.sln
		SccProjectName13 = Cherries.Services.Bootstrapper
		SccLocalPath13 = Cherries.Services.Bootstrapper
		SccProjectUniqueName14 = ..\\Ness.Infrastructure\\DataAccess_Fluent\\Ness.DataAccess.Fluent.csproj
		SccProjectTopLevelParentUniqueName14 = Cherries.sln
		SccProjectName14 = ../Ness.Infrastructure/DataAccess_Fluent
		SccLocalPath14 = ..\\Ness.Infrastructure\\DataAccess_Fluent
		SccProjectUniqueName15 = ..\\Ness.Infrastructure\\DataAccessRepository\\Ness.DataAccess.Repository.csproj
		SccProjectTopLevelParentUniqueName15 = Cherries.sln
		SccProjectName15 = ../Ness.Infrastructure/DataAccessRepository
		SccLocalPath15 = ..\\Ness.Infrastructure\\DataAccessRepository
		SccProjectUniqueName16 = Ness.Utils\\Ness.Utils.csproj
		SccProjectTopLevelParentUniqueName16 = Cherries.sln
		SccProjectName16 = Ness.Utils
		SccLocalPath16 = Ness.Utils
		SccProjectUniqueName17 = UnitTestProject1\\UnitTestProject1.csproj
		SccProjectTopLevelParentUniqueName17 = Cherries.sln
		SccProjectName17 = UnitTestProject1
		SccLocalPath17 = UnitTestProject1
		SccProjectUniqueName18 = BL-Tests\\BL-Tests.csproj
		SccProjectTopLevelParentUniqueName18 = Cherries.sln
		SccProjectName18 = BL-Tests
		SccLocalPath18 = BL-Tests
	EndGlobalSection
EndGlobal
